cel.dev/expr v0.19.1 h1:NciYrtDRIR0lNCnH1LFJegdjspNx9fI59O7TWcua/W4=
cel.dev/expr v0.19.1/go.mod h1:MrpN08Q+lEBs+bGYdLxxHkZoUSsCp0nSKTs0nTymJgw=
cloud.google.com/go/auth v0.15.0 h1:Ly0u4aA5vG/fsSsxu98qCQBemXtAtJf+95z9HK+cxps=
cloud.google.com/go/auth v0.15.0/go.mod h1:WJDGqZ1o9E9wKIL+IwStfyn/+s59zl4Bi+1KQNVXLZ8=
cloud.google.com/go/auth/oauth2adapt v0.2.8 h1:keo8NaayQZ6wimpNSmW5OPc283g65QNIiLpZnkHRbnc=
cloud.google.com/go/auth/oauth2adapt v0.2.8/go.mod h1:XQ9y31RkqZCcwJWNSx2Xvric3RrU88hAYYbjDWYDL+c=
cloud.google.com/go/compute/metadata v0.6.0 h1:A6hENjEsCDtC1k8byVsgwvVcioamEHvZ4j01OwKxG9I=
cloud.google.com/go/compute/metadata v0.6.0/go.mod h1:FjyFAW1MW0C203CEOMDTu3Dk1FlqW3Rga40jzHL4hfg=
github.com/Masterminds/semver/v3 v3.3.1 h1:QtNSWtVZ3nBfk8mAOu/B6v7FMJ+NHTIgUPi7rj+4nv4=
github.com/Masterminds/semver/v3 v3.3.1/go.mod h1:4V+yj/TJE1HU9XfppCwVMZq3I84lprf4nC11bSS5beM=
github.com/RaveNoX/go-jsoncommentstrip v1.0.0/go.mod h1:78ihd09MekBnJnxpICcwzCMzGrKSKYe4AqU6PDYYpjk=
github.com/antlr4-go/antlr/v4 v4.13.1 h1:SqQKkuVZ+zWkMMNkjy5FZe5mr5WURWnlpmOuzYWrPrQ=
github.com/antlr4-go/antlr/v4 v4.13.1/go.mod h1:GKmUxMtwp6ZgGwZSva4eWPC5mS6vUAmOABFgjdkM7Nw=
github.com/apapsch/go-jsonmerge/v2 v2.0.0 h1:axGnT1gRIfimI7gJifB699GoE/oq+F2MU7Dml6nw9rQ=
github.com/apapsch/go-jsonmerge/v2 v2.0.0/go.mod h1:lvDnEdqiQrp0O42VQGgmlKpxL1AP2+08jFMw88y4klk=
github.com/bahlo/generic-list-go v0.2.0 h1:5sz/EEAK+ls5wF+NeqDpk5+iNdMDXrh3z3nPnH1Wvgk=
github.com/bahlo/generic-list-go v0.2.0/go.mod h1:2KvAjgMlE5NNynlg/5iLrrCCZ2+5xWbdbCW3pNTGyYg=
github.com/bmatcuk/doublestar v1.1.1/go.mod h1:UD6OnuiIn0yFxxA2le/rnRU1G4RaI4UvFv1sNto9p6w=
github.com/buger/jsonparser v1.1.1 h1:2PnMjfWD7wBILjqQbt530v576A/cAbQvEW9gGIpYMUs=
github.com/buger/jsonparser v1.1.1/go.mod h1:6RYKKt7H4d4+iWqouImQ9R2FZql3VbhNgx27UK13J/0=
github.com/cenkalti/backoff/v4 v4.3.0 h1:MyRJ/UdXutAwSAT+s3wNd7MfTIcy71VQueUuFK343L8=
github.com/cenkalti/backoff/v4 v4.3.0/go.mod h1:Y3VNntkOUPxTVeUxJ/G5vcM//AlwfmyYozVcomhLiZE=
github.com/coreos/go-systemd/v22 v22.5.0/go.mod h1:Y58oyj3AT4RCenI/lSvhwexgC+NSVTIJ3seZv2GcEnc=
github.com/cpuguy83/go-md2man/v2 v2.0.6/go.mod h1:oOW0eioCTA6cOiMLiUPZOpcVxMig6NIQQ7OS05n1F4g=
github.com/creack/pty v1.1.9/go.mod h1:oKZEueFk5CKHvIhNR5MUki03XCEU+Q6VDXinZuGJ33E=
github.com/creasty/defaults v1.8.0 h1:z27FJxCAa0JKt3utc0sCImAEb+spPucmKoOdLHvHYKk=
github.com/creasty/defaults v1.8.0/go.mod h1:iGzKe6pbEHnpMPtfDXZEr0NVxWnPTjb1bbDy08fPzYM=
github.com/davecgh/go-spew v1.1.0/go.mod h1:J7Y8YcW2NihsgmVo/mv3lAwl/skON4iLHjSsI+c5H38=
github.com/davecgh/go-spew v1.1.1/go.mod h1:J7Y8YcW2NihsgmVo/mv3lAwl/skON4iLHjSsI+c5H38=
github.com/davecgh/go-spew v1.1.2-0.20180830191138-d8f796af33cc h1:U9qPSI2PIWSS1VwoXQT9A3Wy9MM3WgvqSxFWenqJduM=
github.com/davecgh/go-spew v1.1.2-0.20180830191138-d8f796af33cc/go.mod h1:J7Y8YcW2NihsgmVo/mv3lAwl/skON4iLHjSsI+c5H38=
github.com/dustin/go-humanize v1.0.1 h1:GzkhY7T5VNhEkwH0PVJgjz+fX1rhBrR7pRT3mDkpeCY=
github.com/dustin/go-humanize v1.0.1/go.mod h1:Mu1zIs6XwVuF/gI1OepvI0qD18qycQx+mFykh5fBlto=
github.com/emicklei/go-restful/v3 v3.11.0 h1:rAQeMHw1c7zTmncogyy8VvRZwtkmkZ4FxERmMY4rD+g=
github.com/emicklei/go-restful/v3 v3.11.0/go.mod h1:6n3XBCmQQb25CM2LCACGz8ukIrRry+4bhvbpWn3mrbc=
github.com/exaring/otelpgx v0.9.0 h1:Bo0RIhBNrzLlVzih46qBy/KQRvRs9vwRbgT/fE363NM=
github.com/exaring/otelpgx v0.9.0/go.mod h1:ANkRZDfgfmN6yJS1xKMkshbnsHO8at5sYwtVEYOX8hc=
github.com/fatih/color v1.18.0 h1:S8gINlzdQ840/4pfAwic/ZE0djQEH3wM94VfqLTZcOM=
github.com/fatih/color v1.18.0/go.mod h1:4FelSpRwEGDpQ12mAdzqdOukCy4u8WUtOY6lkT/6HfU=
github.com/felixge/httpsnoop v1.0.4 h1:NFTV2Zj1bL4mc9sqWACXbQFVBBg2W3GPvqp8/ESS2Wg=
github.com/felixge/httpsnoop v1.0.4/go.mod h1:m8KPJKqk1gH5J9DgRY2ASl2lWCfGKXixSwevea8zH2U=
github.com/frankban/quicktest v1.14.6 h1:7Xjx+VpznH+oBnejlPUj8oUpdxnVs4f8XU8WnHkI4W8=
github.com/frankban/quicktest v1.14.6/go.mod h1:4ptaffx2x8+WTWXmUCuVU6aPUX1/Mz7zb5vbUoiM6w0=
github.com/fsnotify/fsnotify v1.8.0 h1:dAwr6QBTBZIkG8roQaJjGof0pp0EeF+tNV7YBP3F/8M=
github.com/fsnotify/fsnotify v1.8.0/go.mod h1:8jBTzvmWwFyi3Pb8djgCCO5IBqzKJ/Jwo8TRcHyHii0=
github.com/fxamacker/cbor/v2 v2.7.0 h1:iM5WgngdRBanHcxugY4JySA0nk1wZorNOpTgCMedv5E=
github.com/fxamacker/cbor/v2 v2.7.0/go.mod h1:pxXPTn3joSm21Gbwsv0w9OSA2y1HFR9qXEeXQVeNoDQ=
github.com/gabriel-vasile/mimetype v1.4.8 h1:FfZ3gj38NjllZIeJAmMhr+qKL8Wu+nOoI3GqacKw1NM=
github.com/gabriel-vasile/mimetype v1.4.8/go.mod h1:ByKUIKGjh1ODkGM1asKUbQZOLGrPjydw3hYPU2YU9t8=
github.com/getkin/kin-openapi v0.131.0 h1:NO2UeHnFKRYhZ8wg6Nyh5Cq7dHk4suQQr72a4pMrDxE=
github.com/getkin/kin-openapi v0.131.0/go.mod h1:3OlG51PCYNsPByuiMB0t4fjnNlIDnaEDsjiKUV8nL58=
github.com/getsentry/sentry-go v0.32.0 h1:YKs+//QmwE3DcYtfKRH8/KyOOF/I6Qnx7qYGNHCGmCY=
github.com/getsentry/sentry-go v0.32.0/go.mod h1:CYNcMMz73YigoHljQRG+qPF+eMq8gG72XcGN/p71BAY=
github.com/go-chi/chi v1.5.5 h1:vOB/HbEMt9QqBqErz07QehcOKHaWFtuj87tTDVz2qXE=
github.com/go-chi/chi v1.5.5/go.mod h1:C9JqLr3tIYjDOZpzn+BCuxY8z8vmca43EeMgyZt7irw=
github.com/go-co-op/gocron/v2 v2.16.1 h1:ux/5zxVRveCaCuTtNI3DiOk581KC1KpJbpJFYUEVYwo=
github.com/go-co-op/gocron/v2 v2.16.1/go.mod h1:opexeOFy5BplhsKdA7bzY9zeYih8I8/WNJ4arTIFPVc=
github.com/go-errors/errors v1.4.2 h1:J6MZopCL4uSllY1OfXM374weqZFFItUbrImctkmUxIA=
github.com/go-errors/errors v1.4.2/go.mod h1:sIVyrIiJhuEF+Pj9Ebtd6P/rEYROXFi3BopGUQ5a5Og=
github.com/go-logr/logr v1.2.2/go.mod h1:jdQByPbusPIv2/zmleS9BjJVeZ6kBagPoEUsqbVz/1A=
github.com/go-logr/logr v1.4.2 h1:6pFjapn8bFcIbiKo3XT4j/BhANplGihG6tvd+8rYgrY=
github.com/go-logr/logr v1.4.2/go.mod h1:9T104GzyrTigFIr8wt5mBrctHMim0Nb2HLGrmQ40KvY=
github.com/go-logr/stdr v1.2.2 h1:hSWxHoqTgW2S2qGc0LTAI563KZ5YKYRhT3MFKZMbjag=
github.com/go-logr/stdr v1.2.2/go.mod h1:mMo/vtBO5dYbehREoey6XUKy/eSumjCCveDpRre4VKE=
github.com/go-openapi/jsonpointer v0.19.6/go.mod h1:osyAmYz/mB/C3I+WsTTSgw1ONzaLJoLCyoi6/zppojs=
github.com/go-openapi/jsonpointer v0.21.0 h1:YgdVicSA9vH5RiHs9TZW5oyafXZFc6+2Vc1rr/O9oNQ=
github.com/go-openapi/jsonpointer v0.21.0/go.mod h1:IUyH9l/+uyhIYQ/PXVA41Rexl+kOkAPDdXEYns6fzUY=
github.com/go-openapi/jsonreference v0.20.2 h1:3sVjiK66+uXK/6oQ8xgcRKcFgQ5KXa2KvnJRumpMGbE=
github.com/go-openapi/jsonreference v0.20.2/go.mod h1:Bl1zwGIM8/wsvqjsOQLJ/SH+En5Ap4rVB5KVcIDZG2k=
github.com/go-openapi/swag v0.22.3/go.mod h1:UzaqsxGiab7freDnrUUra0MwWfN/q7tE4j+VcZ0yl14=
github.com/go-openapi/swag v0.23.0 h1:vsEVJDUo2hPJ2tu0/Xc+4noaxyEffXNIs3cOULZ+GrE=
github.com/go-openapi/swag v0.23.0/go.mod h1:esZ8ITTYEsH1V2trKHjAN8Ai7xHb8RV+YSZ577vPjgQ=
github.com/go-playground/assert/v2 v2.2.0 h1:JvknZsQTYeFEAhQwI4qEt9cyV5ONwRHC+lYKSsYSR8s=
github.com/go-playground/assert/v2 v2.2.0/go.mod h1:VDjEfimB/XKnb+ZQfWdccd7VUvScMdVu0Titje2rxJ4=
github.com/go-playground/locales v0.14.1 h1:EWaQ/wswjilfKLTECiXz7Rh+3BjFhfDFKv/oXslEjJA=
github.com/go-playground/locales v0.14.1/go.mod h1:hxrqLVvrK65+Rwrd5Fc6F2O76J/NuW9t0sjnWqG1slY=
github.com/go-playground/universal-translator v0.18.1 h1:Bcnm0ZwsGyWbCzImXv+pAJnYK9S473LQFuzCbDbfSFY=
github.com/go-playground/universal-translator v0.18.1/go.mod h1:xekY+UJKNuX9WP91TpwSH2VMlDf28Uj24BCp08ZFTUY=
github.com/go-playground/validator/v10 v10.26.0 h1:SP05Nqhjcvz81uJaRfEV0YBSSSGMc/iMaVtFbr3Sw2k=
github.com/go-playground/validator/v10 v10.26.0/go.mod h1:I5QpIEbmr8On7W0TktmJAumgzX4CA1XNl4ZmDuVHKKo=
github.com/go-task/slim-sprig/v3 v3.0.0 h1:sUs3vkvUymDpBKi3qH1YSqBQk9+9D/8M2mN1vB6EwHI=
github.com/go-task/slim-sprig/v3 v3.0.0/go.mod h1:W848ghGpv3Qj3dhTPRyJypKRiqCdHZiAzKg9hl15HA8=
github.com/go-test/deep v1.0.4/go.mod h1:wGDj63lr65AM2AQyKZd/NYHGb0R+1RLqB8NKt3aSFNA=
github.com/go-test/deep v1.1.0 h1:WOcxcdHcvdgThNXjw0t76K42FXTU7HpNQWHpA2HHNlg=
github.com/go-test/deep v1.1.0/go.mod h1:5C2ZWiW0ErCdrYzpqxLbTX7MG14M9iiw8DgHncVwcsE=
github.com/go-viper/mapstructure/v2 v2.2.1 h1:ZAaOCxANMuZx5RCeg0mBdEZk7DZasvvZIxtHqx8aGss=
github.com/go-viper/mapstructure/v2 v2.2.1/go.mod h1:oJDH3BJKyqBA2TXFhDsKDGDTlndYOZ6rGS0BRZIxGhM=
github.com/goccy/go-json v0.10.5 h1:Fq85nIqj+gXn/S5ahsiTlK3TmC85qgirsdTP/+DeaC4=
github.com/goccy/go-json v0.10.5/go.mod h1:oq7eo15ShAhp70Anwd5lgX2pLfOS3QCiwU/PULtXL6M=
github.com/godbus/dbus/v5 v5.0.4/go.mod h1:xhWf0FNVPg57R7Z0UbKHbJfkEywrmjJnf7w5xrFpKfA=
github.com/gogo/protobuf v1.3.2 h1:Ov1cvc58UF3b5XjBnZv7+opcTcQFZebYjWzi34vdm4Q=
github.com/gogo/protobuf v1.3.2/go.mod h1:P1XiOD3dCwIKUDQYPy72D8LYyHL2YPYrpS2s69NZV8Q=
github.com/golang/protobuf v1.5.4 h1:i7eJL8qZTpSEXOPTxNKhASYpMn+8e5Q6AdndVa1dWek=
github.com/golang/protobuf v1.5.4/go.mod h1:lnTiLA8Wa4RWRcIUkrtSVa5nRhsEGBg48fD6rSs7xps=
github.com/google/cel-go v0.24.1 h1:jsBCtxG8mM5wiUJDSGUqU0K7Mtr3w7Eyv00rw4DiZxI=
github.com/google/cel-go v0.24.1/go.mod h1:Hdf9TqOaTNSFQA1ybQaRqATVoK7m/zcf7IMhGXP5zI8=
github.com/google/gnostic-models v0.6.8 h1:yo/ABAfM5IMRsS1VnXjTBvUb61tFIHozhlYvRgGre9I=
github.com/google/gnostic-models v0.6.8/go.mod h1:5n7qKqH0f5wFt+aWF8CW6pZLLNOfYuF5OpfBSENuI8U=
github.com/google/go-cmp v0.5.2/go.mod h1:v8dTdLbMG2kIc/vJvl+f65V22dbkXbowE6jgT/gNBxE=
github.com/google/go-cmp v0.5.7/go.mod h1:n+brtR0CgQNWTVd5ZUFpTBC8YFBDLK/h/bpaJ8/DtOE=
github.com/google/go-cmp v0.5.9/go.mod h1:17dUlkBOakJ0+DkrSSNjCkIjxS6bF9zb3elmeNGIjoY=
github.com/google/go-cmp v0.7.0 h1:wk8382ETsv4JYUZwIsn6YpYiWiBsYLSJiTsyBybVuN8=
github.com/google/go-cmp v0.7.0/go.mod h1:pXiqmnSA92OHEEa9HXL2W4E7lf9JzCmGVUdgjX3N/iU=
github.com/google/go-github/v57 v57.0.0 h1:L+Y3UPTY8ALM8x+TV0lg+IEBI+upibemtBD8Q9u7zHs=
github.com/google/go-github/v57 v57.0.0/go.mod h1:s0omdnye0hvK/ecLvpsGfJMiRt85PimQh4oygmLIxHw=
github.com/google/go-querystring v1.1.0 h1:AnCroh3fv4ZBgVIf1Iwtovgjaw/GiKJo8M8yD/fhyJ8=
github.com/google/go-querystring v1.1.0/go.mod h1:Kcdr2DB4koayq7X8pmAG4sNG59So17icRSOU623lUBU=
github.com/google/gofuzz v1.0.0/go.mod h1:dBl0BpW6vV/+mYPU4Po3pmUjxk6FQPldtuIdl/M65Eg=
github.com/google/gofuzz v1.2.0 h1:xRy4A+RhZaiKjJ1bPfwQ8sedCA+YS2YcCHW6ec7JMi0=
github.com/google/gofuzz v1.2.0/go.mod h1:dBl0BpW6vV/+mYPU4Po3pmUjxk6FQPldtuIdl/M65Eg=
github.com/google/pprof v0.0.0-20241029153458-d1b30febd7db h1:097atOisP2aRj7vFgYQBbFN4U4JNXUNYpxael3UzMyo=
github.com/google/pprof v0.0.0-20241029153458-d1b30febd7db/go.mod h1:vavhavw2zAxS5dIdcRluK6cSGGPlZynqzFM8NdvU144=
github.com/google/s2a-go v0.1.9 h1:LGD7gtMgezd8a/Xak7mEWL0PjoTQFvpRudN895yqKW0=
github.com/google/s2a-go v0.1.9/go.mod h1:YA0Ei2ZQL3acow2O62kdp9UlnvMmU7kA6Eutn0dXayM=
github.com/google/uuid v1.6.0 h1:NIvaJDMOsjHA8n1jAhLSgzrAzy1Hgr+hNrb57e+94F0=
github.com/google/uuid v1.6.0/go.mod h1:TIyPZe4MgqvfeYDBFedMoGGpEw/LqOeaOT+nhxU+yHo=
github.com/googleapis/enterprise-certificate-proxy v0.3.6 h1:GW/XbdyBFQ8Qe+YAmFU9uHLo7OnF5tL52HFAgMmyrf4=
github.com/googleapis/enterprise-certificate-proxy v0.3.6/go.mod h1:MkHOF77EYAE7qfSuSS9PU6g4Nt4e11cnsDUowfwewLA=
github.com/googleapis/gax-go/v2 v2.14.1 h1:hb0FFeiPaQskmvakKu5EbCbpntQn48jyHuvrkurSS/Q=
github.com/googleapis/gax-go/v2 v2.14.1/go.mod h1:Hb/NubMaVM88SrNkvl8X/o8XWwDJEPqouaLeN2IUxoA=
github.com/gorilla/mux v1.8.1 h1:TuBL49tXwgrFYWhqrNgrUNEY92u81SPhu7sTdzQEiWY=
github.com/gorilla/mux v1.8.1/go.mod h1:AKf9I4AEqPTmMytcMc0KkNouC66V3BtZ4qD5fmWSiMQ=
github.com/gorilla/schema v1.4.1 h1:jUg5hUjCSDZpNGLuXQOgIWGdlgrIdYvgQ0wZtdK1M3E=
github.com/gorilla/schema v1.4.1/go.mod h1:Dg5SSm5PV60mhF2NFaTV1xuYYj8tV8NOPRo4FggUMnM=
github.com/gorilla/securecookie v1.1.2 h1:YCIWL56dvtr73r6715mJs5ZvhtnY73hBvEF8kXD8ePA=
github.com/gorilla/securecookie v1.1.2/go.mod h1:NfCASbcHqRSY+3a8tlWJwsQap2VX5pwzwo4h3eOamfo=
github.com/gorilla/sessions v1.3.0 h1:XYlkq7KcpOB2ZhHBPv5WpjMIxrQosiZanfoy1HLZFzg=
github.com/gorilla/sessions v1.3.0/go.mod h1:ePLdVu+jbEgHH+KWw8I1z2wqd0BAdAQh/8LRvBeoNcQ=
github.com/gorilla/websocket v1.4.2/go.mod h1:YR8l580nyteQvAITg2hZ9XVh4b55+EU/adAjf1fMHhE=
github.com/gorilla/websocket v1.5.0 h1:PPwGk2jz7EePpoHN/+ClbZu8SPxiqlu12wZP/3sWmnc=
github.com/gorilla/websocket v1.5.0/go.mod h1:YR8l580nyteQvAITg2hZ9XVh4b55+EU/adAjf1fMHhE=
github.com/grpc-ecosystem/go-grpc-middleware/v2 v2.3.1 h1:KcFzXwzM/kGhIRHvc8jdixfIJjVzuUJdnv+5xsPutog=
github.com/grpc-ecosystem/go-grpc-middleware/v2 v2.3.1/go.mod h1:qOchhhIlmRcqk/O9uCo/puJlyo07YINaIqdZfZG3Jkc=
github.com/grpc-ecosystem/grpc-gateway/v2 v2.26.1 h1:e9Rjr40Z98/clHv5Yg79Is0NtosR5LXRvdr7o/6NwbA=
github.com/grpc-ecosystem/grpc-gateway/v2 v2.26.1/go.mod h1:tIxuGz/9mpox++sgp9fJjHO0+q1X9/UOWd798aAm22M=
github.com/hashicorp/errwrap v1.0.0/go.mod h1:YH+1FKiLXxHSkmPseP+kNlulaMuP3n2brvKWEqk/Jc4=
github.com/hashicorp/errwrap v1.1.0 h1:OxrOeh75EUXMY8TBjag2fzXGZ40LB6IKw45YeGUDY2I=
github.com/hashicorp/errwrap v1.1.0/go.mod h1:YH+1FKiLXxHSkmPseP+kNlulaMuP3n2brvKWEqk/Jc4=
github.com/hashicorp/go-multierror v1.1.1 h1:H5DkEtf6CXdFp0N0Em5UCwQpXMWke8IA0+lD48awMYo=
github.com/hashicorp/go-multierror v1.1.1/go.mod h1:iw975J/qwKPdAO1clOe2L8331t/9/fmwbPZ6JB6eMoM=
github.com/hashicorp/golang-lru/v2 v2.0.7 h1:a+bsQ5rvGLjzHuww6tVxozPZFVghXaHOwFs4luLUK2k=
github.com/hashicorp/golang-lru/v2 v2.0.7/go.mod h1:QeFd9opnmA6QUJc5vARoKUSoFhyfM2/ZepoAG6RGpeM=
github.com/hatchet-dev/timediff v0.0.4 h1:RfYX1ehoa/qxHKAGQBMAvmkPx+FRQfUV37tDy/G1pOY=
github.com/hatchet-dev/timediff v0.0.4/go.mod h1:PrtGf43MxnKwg3DNrRxdBdkCu+7BUgcJ8V5X1Gtx5xI=
github.com/inconshreveable/mousetrap v1.1.0 h1:wN+x4NVGpMsO7ErUn/mUI3vEoE6Jt13X2s0bqwp9tc8=
github.com/inconshreveable/mousetrap v1.1.0/go.mod h1:vpF70FUmC8bwa3OWnCshd2FqLfsEA9PFc4w1p2J65bw=
github.com/invopop/jsonschema v0.13.0 h1:KvpoAJWEjR3uD9Kbm2HWJmqsEaHt8lBUpd0qHcIi21E=
github.com/invopop/jsonschema v0.13.0/go.mod h1:ffZ5Km5SWWRAIN6wbDXItl95euhFz2uON45H2qjYt+0=
github.com/jackc/pgpassfile v1.0.0 h1:/6Hmqy13Ss2zCq62VdNG8tM1wchn8zjSGOBJ6icpsIM=
github.com/jackc/pgpassfile v1.0.0/go.mod h1:CEx0iS5ambNFdcRtxPj5JhEz+xB6uRky5eyVu/W2HEg=
github.com/jackc/pgservicefile v0.0.0-20240606120523-5a60cdf6a761 h1:iCEnooe7UlwOQYpKFhBabPMi4aNAfoODPEFNiAnClxo=
github.com/jackc/pgservicefile v0.0.0-20240606120523-5a60cdf6a761/go.mod h1:5TJZWKEWniPve33vlWYSoGYefn3gLQRzjfDlhSJ9ZKM=
github.com/jackc/pgx-zerolog v0.0.0-20230315001418-f978528409eb h1:pSv+zRVeAYjbXRFjyytFIMRBSKWVowCi7KbXSMR/+ug=
github.com/jackc/pgx-zerolog v0.0.0-20230315001418-f978528409eb/go.mod h1:CRUuPsmIajLt3dZIlJ5+O8IDSib6y8yrst8DkCthTa4=
github.com/jackc/pgx/v5 v5.7.4 h1:9wKznZrhWa2QiHL+NjTSPP6yjl3451BX3imWDnokYlg=
github.com/jackc/pgx/v5 v5.7.4/go.mod h1:ncY89UGWxg82EykZUwSpUKEfccBGGYq1xjrOpsbsfGQ=
github.com/jackc/pgxlisten v0.0.0-20241106001234-1d6f6656415c h1:bTgmg761ac9Ki27HoLx8IBvc+T+Qj6eptBpKahKIRT4=
github.com/jackc/pgxlisten v0.0.0-20241106001234-1d6f6656415c/go.mod h1:N4E1APLOYrbM11HH5kdqAjDa8RJWVwD3JqWpvH22h64=
github.com/jackc/puddle/v2 v2.2.2 h1:PR8nw+E/1w0GLuRFSmiioY6UooMp6KJv0/61nB7icHo=
github.com/jackc/puddle/v2 v2.2.2/go.mod h1:vriiEXHvEE654aYKXXjOvZM39qJ0q+azkZFrfEOc3H4=
github.com/joho/godotenv v1.5.1 h1:7eLL/+HRGLY0ldzfGMeQkb7vMd0as4CfYvUVzLqw0N0=
github.com/joho/godotenv v1.5.1/go.mod h1:f4LDr5Voq0i2e/R5DDNOoa2zzDfwtkZa6DnEwAbqwq4=
github.com/jonboulle/clockwork v0.5.0 h1:Hyh9A8u51kptdkR+cqRpT1EebBwTn1oK9YfGYbdFz6I=
github.com/jonboulle/clockwork v0.5.0/go.mod h1:3mZlmanh0g2NDKO5TWZVJAfofYk64M7XN3SzBPjZF60=
github.com/josharian/intern v1.0.0 h1:vlS4z54oSdjm0bgjRigI+G1HpF+tI+9rE5LLzOg8HmY=
github.com/josharian/intern v1.0.0/go.mod h1:5DoeVV0s6jJacbCEi61lwdGj/aVlrQvzHFFd8Hwg//Y=
github.com/json-iterator/go v1.1.12 h1:PV8peI4a0ysnczrg+LtxykD8LfKY9ML6u2jnxaEnrnM=
github.com/json-iterator/go v1.1.12/go.mod h1:e30LSqwooZae/UwlEbR2852Gd8hjQvJoHmT4TnhNGBo=
github.com/juju/gnuflag v0.0.0-20171113085948-2ce1bb71843d/go.mod h1:2PavIy+JPciBPrBUjwbNvtwB6RQlve+hkpll6QSNmOE=
github.com/kisielk/errcheck v1.5.0/go.mod h1:pFxgyoBC7bSaBwPgfKdkLd5X25qrDl4LWUI2bnpBCr8=
github.com/kisielk/gotool v1.0.0/go.mod h1:XhKaO+MFFWcvkIS/tQcRk01m1F5IRFswLeQ+oQHNcck=
github.com/kr/pretty v0.2.1/go.mod h1:ipq/a2n7PKx3OHsz4KJII5eveXtPO4qwEXGdVfWzfnI=
github.com/kr/pretty v0.3.1 h1:flRD4NNwYAUpkphVc1HcthR4KEIFJ65n8Mw5qdRn3LE=
github.com/kr/pretty v0.3.1/go.mod h1:hoEshYVHaxMs3cyo3Yncou5ZscifuDolrwPKZanG3xk=
github.com/kr/pty v1.1.1/go.mod h1:pFQYn66WHrOpPYNljwOMqo10TkYh1fy3cYio2l3bCsQ=
github.com/kr/text v0.1.0/go.mod h1:4Jbv+DJW3UT/LiOwJeYQe1efqtUx/iVham/4vfdArNI=
github.com/kr/text v0.2.0 h1:5Nx0Ya0ZqY2ygV366QzturHI13Jq95ApcVaJBhpS+AY=
github.com/kr/text v0.2.0/go.mod h1:eLer722TekiGuMkidMxC/pM04lWEeraHUUmBw8l2grE=
github.com/labstack/echo/v4 v4.13.3 h1:pwhpCPrTl5qry5HRdM5FwdXnhXSLSY+WE+YQSeCaafY=
github.com/labstack/echo/v4 v4.13.3/go.mod h1:o90YNEeQWjDozo584l7AwhJMHN0bOC4tAfg+Xox9q5g=
github.com/labstack/gommon v0.4.2 h1:F8qTUNXgG1+6WQmqoUWnz8WiEU60mXVVw0P4ht1WRA0=
github.com/labstack/gommon v0.4.2/go.mod h1:QlUFxVM+SNXhDL/Z7YhocGIBYOiwB0mXm1+1bAPHPyU=
github.com/leodido/go-urn v1.4.0 h1:WT9HwE9SGECu3lg4d/dIA+jxlljEa1/ffXKmRjqdmIQ=
github.com/leodido/go-urn v1.4.0/go.mod h1:bvxc+MVxLKB4z00jd1z+Dvzr47oO32F/QSNjSBOlFxI=
github.com/mailru/easyjson v0.7.7 h1:UGYAvKxe3sBsEDzO8ZeWOSlIQfWFlxbzLZe7hwFURr0=
github.com/mailru/easyjson v0.7.7/go.mod h1:xzfreul335JAWq5oZzymOObrkdz5UnU4kGfJJLY9Nlc=
github.com/mattn/go-colorable v0.1.13 h1:fFA4WZxdEF4tXPZVKMLwD8oUnCTTo08duU7wxecdEvA=
github.com/mattn/go-colorable v0.1.13/go.mod h1:7S9/ev0klgBDR4GtXTXX8a3vIGJpMovkB8vQcUbaXHg=
github.com/mattn/go-isatty v0.0.16/go.mod h1:kYGgaQfpe5nmfYZH+SKPsOc2e4SrIfOl2e/yFXSvRLM=
github.com/mattn/go-isatty v0.0.19/go.mod h1:W+V8PltTTMOvKvAeJH7IuucS94S2C6jfK/D7dTCTo3Y=
github.com/mattn/go-isatty v0.0.20 h1:xfD0iDuEKnDkl03q4limB+vH+GxLEtL/jb4xVJSWWEY=
github.com/mattn/go-isatty v0.0.20/go.mod h1:W+V8PltTTMOvKvAeJH7IuucS94S2C6jfK/D7dTCTo3Y=
github.com/mfridman/interpolate v0.0.2 h1:pnuTK7MQIxxFz1Gr+rjSIx9u7qVjf5VOoM/u6BbAxPY=
github.com/mfridman/interpolate v0.0.2/go.mod h1:p+7uk6oE07mpE/Ik1b8EckO0O4ZXiGAfshKBWLUM9Xg=
github.com/mitchellh/mapstructure v1.5.0 h1:jeMsZIYE/09sWLaz43PL7Gy6RuMjD2eJVyuac5Z2hdY=
github.com/mitchellh/mapstructure v1.5.0/go.mod h1:bFUtVrKA4DC2yAKiSyO/QUcy7e+RRV2QTWOzhPopBRo=
github.com/modern-go/concurrent v0.0.0-20180228061459-e0a39a4cb421/go.mod h1:6dJC0mAP4ikYIbvyc7fijjWJddQyLn8Ig3JB5CqoB9Q=
github.com/modern-go/concurrent v0.0.0-20180306012644-bacd9c7ef1dd h1:TRLaZ9cD/w8PVh93nsPXa1VrQ6jlwL5oN8l14QlcNfg=
github.com/modern-go/concurrent v0.0.0-20180306012644-bacd9c7ef1dd/go.mod h1:6dJC0mAP4ikYIbvyc7fijjWJddQyLn8Ig3JB5CqoB9Q=
github.com/modern-go/reflect2 v1.0.2 h1:xBagoLtFs94CBntxluKeaWgTMpvLxC4ur3nMaC9Gz0M=
github.com/modern-go/reflect2 v1.0.2/go.mod h1:yWuevngMOJpCy52FWWMvUC8ws7m/LJsjYzDa0/r8luk=
github.com/mohae/deepcopy v0.0.0-20170929034955-c48cc78d4826 h1:RWengNIwukTxcDr9M+97sNutRR1RKhG96O6jWumTTnw=
github.com/mohae/deepcopy v0.0.0-20170929034955-c48cc78d4826/go.mod h1:TaXosZuwdSHYgviHp1DAtfrULt5eUgsSMsZf+YrPgl8=
github.com/munnerz/goautoneg v0.0.0-20191010083416-a7dc8b61c822 h1:C3w9PqII01/Oq1c1nUAm88MOHcQC9l5mIlSMApZMrHA=
github.com/munnerz/goautoneg v0.0.0-20191010083416-a7dc8b61c822/go.mod h1:+n7T8mK8HuQTcFwEeznm/DIxMOiR9yIdICNftLE1DvQ=
github.com/ncruces/go-strftime v0.1.9 h1:bY0MQC28UADQmHmaF5dgpLmImcShSi2kHU9XLdhx/f4=
github.com/ncruces/go-strftime v0.1.9/go.mod h1:Fwc5htZGVVkseilnfgOVb9mKy6w1naJmn9CehxcKcls=
github.com/oapi-codegen/runtime v1.1.1 h1:EXLHh0DXIJnWhdRPN2w4MXAzFyE4CskzhNLUmtpMYro=
github.com/oapi-codegen/runtime v1.1.1/go.mod h1:SK9X900oXmPWilYR5/WKPzt3Kqxn/uS/+lbpREv+eCg=
github.com/oasdiff/yaml v0.0.0-20250309154309-f31be36b4037 h1:G7ERwszslrBzRxj//JalHPu/3yz+De2J+4aLtSRlHiY=
github.com/oasdiff/yaml v0.0.0-20250309154309-f31be36b4037/go.mod h1:2bpvgLBZEtENV5scfDFEtB/5+1M4hkQhDQrccEJ/qGw=
github.com/oasdiff/yaml3 v0.0.0-20250309153720-d2182401db90 h1:bQx3WeLcUWy+RletIKwUIt4x3t8n2SxavmoclizMb8c=
github.com/oasdiff/yaml3 v0.0.0-20250309153720-d2182401db90/go.mod h1:y5+oSEHCPT/DGrS++Wc/479ERge0zTFxaF8PbGKcg2o=
github.com/onsi/ginkgo/v2 v2.21.0 h1:7rg/4f3rB88pb5obDgNZrNHrQ4e6WpjonchcpuBRnZM=
github.com/onsi/ginkgo/v2 v2.21.0/go.mod h1:7Du3c42kxCUegi0IImZ1wUQzMBVecgIHjR1C+NkhLQo=
github.com/onsi/gomega v1.35.1 h1:Cwbd75ZBPxFSuZ6T+rN/WCb/gOc6YgFBXLlZLhC7Ds4=
github.com/onsi/gomega v1.35.1/go.mod h1:PvZbdDc8J6XJEpDK4HCuRBm8a6Fzp9/DmhC9C7yFlog=
github.com/opencontainers/go-digest v1.0.0 h1:apOUWs51W5PlhuyGyz9FCeeBIOUDA/6nW8Oi/yOhh5U=
github.com/opencontainers/go-digest v1.0.0/go.mod h1:0JzlMkj0TRzQZfJkVvzbP0HBR3IKzErnv2BNG4W4MAM=
github.com/pelletier/go-toml/v2 v2.2.3 h1:YmeHyLY8mFWbdkNWwpr+qIL2bEqT0o95WSdkNHvL12M=
github.com/pelletier/go-toml/v2 v2.2.3/go.mod h1:MfCQTFTvCcUyyvvwm1+G6H/jORL20Xlb6rzQu9GuUkc=
github.com/perimeterx/marshmallow v1.1.5 h1:a2LALqQ1BlHM8PZblsDdidgv1mWi1DgC2UmX50IvK2s=
github.com/perimeterx/marshmallow v1.1.5/go.mod h1:dsXbUu8CRzfYP5a87xpp0xq9S3u0Vchtcl8we9tYaXw=
github.com/pingcap/errors v0.11.4 h1:lFuQV/oaUMGcD2tqt+01ROSmJs75VG1ToEOkZIZ4nE4=
github.com/pingcap/errors v0.11.4/go.mod h1:Oi8TUi2kEtXXLMJk9l1cGmz20kV3TaQ0usTwv5KuLY8=
github.com/pkg/errors v0.9.1 h1:FEBLx1zS214owpjy7qsBeixbURkuhQAwrK5UwLGTwt4=
github.com/pkg/errors v0.9.1/go.mod h1:bwawxfHBFNV+L2hUp1rHADufV3IMtnDRdf1r5NINEl0=
github.com/pmezard/go-difflib v1.0.0/go.mod h1:iKH77koFhYxTK1pcRnkKkqfTogsbg7gZNVY4sRDYZ/4=
github.com/pmezard/go-difflib v1.0.1-0.20181226105442-5d4384ee4fb2 h1:Jamvg5psRIccs7FGNTlIRMkT8wgtp5eCXdBlqhYGL6U=
github.com/pmezard/go-difflib v1.0.1-0.20181226105442-5d4384ee4fb2/go.mod h1:iKH77koFhYxTK1pcRnkKkqfTogsbg7gZNVY4sRDYZ/4=
github.com/posthog/posthog-go v1.4.7 h1:2DOcy1pLeLbfEG+WgK9S2WOoXk+N2DXYAN5/S9pwOh8=
github.com/posthog/posthog-go v1.4.7/go.mod h1:uYC2l1Yktc8E+9FAHJ9QZG4vQf/NHJPD800Hsm7DzoM=
github.com/pressly/goose/v3 v3.24.2 h1:c/ie0Gm8rnIVKvnDQ/scHErv46jrDv9b4I0WRcFJzYU=
github.com/pressly/goose/v3 v3.24.2/go.mod h1:kjefwFB0eR4w30Td2Gj2Mznyw94vSP+2jJYkOVNbD1k=
github.com/rabbitmq/amqp091-go v1.10.0 h1:STpn5XsHlHGcecLmMFCtg7mqq0RnD+zFr4uzukfVhBw=
github.com/rabbitmq/amqp091-go v1.10.0/go.mod h1:Hy4jKW5kQART1u+JkDTF9YYOQUHXqMuhrgxOEeS7G4o=
github.com/remyoudompheng/bigfft v0.0.0-20230129092748-24d4a6f8daec h1:W09IVJc94icq4NjY3clb7Lk8O1qJ8BdBEF8z0ibU0rE=
github.com/remyoudompheng/bigfft v0.0.0-20230129092748-24d4a6f8daec/go.mod h1:qqbHyh8v60DhA7CoWK5oRCqLrMHRGoxYCSS9EjAz6Eo=
github.com/robfig/cron/v3 v3.0.1 h1:WdRxkvbJztn8LMz/QEvLN5sBU+xKpSqwwUO1Pjr4qDs=
github.com/robfig/cron/v3 v3.0.1/go.mod h1:eQICP3HwyT7UooqI/z+Ov+PtYAWygg1TEWWzGIFLtro=
github.com/rogpeppe/go-internal v1.13.1 h1:KvO1DLK/DRN07sQ1LQKScxyZJuNnedQ5/wKSR38lUII=
github.com/rogpeppe/go-internal v1.13.1/go.mod h1:uMEvuHeurkdAXX61udpOXGD/AzZDWNMNyH2VO9fmH0o=
github.com/rs/xid v1.6.0/go.mod h1:7XoLgs4eV+QndskICGsho+ADou8ySMSjJKDIan90Nz0=
github.com/rs/zerolog v1.34.0 h1:k43nTLIwcTVQAncfCw4KZ2VY6ukYoZaBPNOE8txlOeY=
github.com/rs/zerolog v1.34.0/go.mod h1:bJsvje4Z08ROH4Nhs5iH600c3IkWhwp44iRc54W6wYQ=
github.com/russross/blackfriday/v2 v2.1.0/go.mod h1:+Rmxgy9KzJVeS9/2gXHxylqXiyQDYRxCVz55jmeOWTM=
github.com/sagikazarmark/locafero v0.7.0 h1:5MqpDsTGNDhY8sGp0Aowyf0qKsPrhewaLSsFaodPcyo=
github.com/sagikazarmark/locafero v0.7.0/go.mod h1:2za3Cg5rMaTMoG/2Ulr9AwtFaIppKXTRYnozin4aB5k=
github.com/sethvargo/go-retry v0.3.0 h1:EEt31A35QhrcRZtrYFDTBg91cqZVnFL2navjDrah2SE=
github.com/sethvargo/go-retry v0.3.0/go.mod h1:mNX17F0C/HguQMyMyJxcnU471gOZGxCLyYaFyAZraas=
github.com/slack-go/slack v0.16.0 h1:khp/WCFv+Hb/B/AJaAwvcxKun0hM6grN0bUZ8xG60P8=
github.com/slack-go/slack v0.16.0/go.mod h1:hlGi5oXA+Gt+yWTPP0plCdRKmjsDxecdHxYQdlMQKOw=
github.com/sourcegraph/conc v0.3.0 h1:OQTbbt6P72L20UqAkXXuLOj79LfEanQ+YQFNpLA9ySo=
github.com/sourcegraph/conc v0.3.0/go.mod h1:Sdozi7LEKbFPqYX2/J+iBAM6HpqSLTASQIKqDmF7Mt0=
github.com/spf13/afero v1.12.0 h1:UcOPyRBYczmFn6yvphxkn9ZEOY65cpwGKb5mL36mrqs=
github.com/spf13/afero v1.12.0/go.mod h1:ZTlWwG4/ahT8W7T0WQ5uYmjI9duaLQGy3Q2OAl4sk/4=
github.com/spf13/cast v1.7.1 h1:cuNEagBQEHWN1FnbGEjCXL2szYEXqfJPbP2HNUaca9Y=
github.com/spf13/cast v1.7.1/go.mod h1:ancEpBxwJDODSW/UG4rDrAqiKolqNNh2DX3mk86cAdo=
github.com/spf13/cobra v1.9.1 h1:CXSaggrXdbHK9CF+8ywj8Amf7PBRmPCOJugH954Nnlo=
github.com/spf13/cobra v1.9.1/go.mod h1:nDyEzZ8ogv936Cinf6g1RU9MRY64Ir93oCnqb9wxYW0=
github.com/spf13/pflag v1.0.6 h1:jFzHGLGAlb3ruxLB8MhbI6A8+AQX/2eW4qeyNZXNp2o=
github.com/spf13/pflag v1.0.6/go.mod h1:McXfInJRrz4CZXVZOBLb0bTZqETkiAhM9Iw0y3An2Bg=
github.com/spf13/viper v1.20.1 h1:ZMi+z/lvLyPSCoNtFCpqjy0S4kPbirhpTMwl8BkW9X4=
github.com/spf13/viper v1.20.1/go.mod h1:P9Mdzt1zoHIG8m2eZQinpiBjo6kCmZSKBClNNqjJvu4=
github.com/spkg/bom v0.0.0-20160624110644-59b7046e48ad/go.mod h1:qLr4V1qq6nMqFKkMo8ZTx3f+BZEkzsRUY10Xsm2mwU0=
github.com/stoewer/go-strcase v1.3.0 h1:g0eASXYtp+yvN9fK8sH94oCIk0fau9uV1/ZdJ0AVEzs=
github.com/stoewer/go-strcase v1.3.0/go.mod h1:fAH5hQ5pehh+j3nZfvwdk2RgEgQjAoM8wodgtPmh1xo=
github.com/stretchr/objx v0.1.0/go.mod h1:HFkY916IF+rwdDfMAkV7OtwuqBVzrE8GR6GFx+wExME=
github.com/stretchr/objx v0.4.0/go.mod h1:YvHI0jy2hoMjB+UWwv71VJQ9isScKT/TqJzVSSt89Yw=
github.com/stretchr/objx v0.5.0/go.mod h1:Yh+to48EsGEfYuaHDzXPcE3xhTkx73EhmCGUpEOglKo=
github.com/stretchr/objx v0.5.2 h1:xuMeJ0Sdp5ZMRXx/aWO6RZxdr3beISkG5/G/aIRr3pY=
github.com/stretchr/objx v0.5.2/go.mod h1:FRsXN1f5AsAjCGJKqEizvkpNtU+EGNCLh3NxZ/8L+MA=
github.com/stretchr/testify v1.2.2/go.mod h1:a8OnRcib4nhh0OaRAV+Yts87kKdq0PP7pXfy6kDkUVs=
github.com/stretchr/testify v1.3.0/go.mod h1:M5WIy9Dh21IEIfnGCwXGc5bZfKNJtfHm1UVUgZn+9EI=
github.com/stretchr/testify v1.7.0/go.mod h1:6Fq8oRcR53rry900zMqJjRRixrwX3KX962/h/Wwjteg=
github.com/stretchr/testify v1.7.1/go.mod h1:6Fq8oRcR53rry900zMqJjRRixrwX3KX962/h/Wwjteg=
github.com/stretchr/testify v1.8.0/go.mod h1:yNjHg4UonilssWZ8iaSj1OCr/vHnekPRkoO+kdMU+MU=
github.com/stretchr/testify v1.8.1/go.mod h1:w2LPCIKwWwSfY2zedu0+kehJoqGctiVI29o6fzry7u4=
github.com/stretchr/testify v1.10.0 h1:Xv5erBjTwe/5IxqUQTdXv5kgmIvbHo3QQyRwhJsOfJA=
github.com/stretchr/testify v1.10.0/go.mod h1:r2ic/lqez/lEtzL7wO/rwa5dbSLXVDPFyf8C91i36aY=
github.com/subosito/gotenv v1.6.0 h1:9NlTDc1FTs4qu0DDq7AEtTPNw6SVm7uBMsUCUjABIf8=
github.com/subosito/gotenv v1.6.0/go.mod h1:Dk4QP5c2W3ibzajGcXpNraDfq2IrhjMIvMSWPKKo0FU=
github.com/tink-crypto/tink-go v0.0.0-20230613075026-d6de17e3f164 h1:yhVO0Yhq84FjdcotvFFvDJRNHJ7mO743G12VdcW4Evc=
github.com/tink-crypto/tink-go v0.0.0-20230613075026-d6de17e3f164/go.mod h1:HhtDVdE/PRZFRia834tkmcwuscnaAzda1RJUW9Pr3Rg=
github.com/tink-crypto/tink-go-gcpkms v0.0.0-20230602082706-31d0d09ccc8d h1:+In5BwTMe2nF3FC6LrYqg71jDyaOOMZ4EQBFUhFq23g=
github.com/tink-crypto/tink-go-gcpkms v0.0.0-20230602082706-31d0d09ccc8d/go.mod h1:TXKMH7TDt0h7QXtI9TdYPyly6xZL+ooPpbw30qekmEc=
github.com/ugorji/go/codec v1.2.11 h1:BMaWp1Bb6fHwEtbplGBGJ498wD+LKlNSl25MjdZY4dU=
github.com/ugorji/go/codec v1.2.11/go.mod h1:UNopzCgEMSXjBc6AOMqYvWC1ktqTAfzJZUZgYf6w6lg=
github.com/valyala/bytebufferpool v1.0.0 h1:GqA5TC/0021Y/b9FG4Oi9Mr3q7XYx6KllzawFIhcdPw=
github.com/valyala/bytebufferpool v1.0.0/go.mod h1:6bBcMArwyJ5K/AmCkWv1jt77kVWyCJ6HpOuEn7z0Csc=
github.com/valyala/fasttemplate v1.2.2 h1:lxLXG0uE3Qnshl9QyaK6XJxMXlQZELvChBOCmQD0Loo=
github.com/valyala/fasttemplate v1.2.2/go.mod h1:KHLXt3tVN2HBp8eijSv/kGJopbvo7S+qRAEEKiv+SiQ=
github.com/wk8/go-ordered-map/v2 v2.1.8 h1:5h/BUHu93oj4gIdvHHHGsScSTMijfx5PeYkE/fJgbpc=
github.com/wk8/go-ordered-map/v2 v2.1.8/go.mod h1:5nJHM5DyteebpVlHnWMV0rPz6Zp7+xBAnxjb1X5vnTw=
github.com/x448/float16 v0.8.4 h1:qLwI1I70+NjRFUR3zs1JPUCgaCXSh3SW62uAKT1mSBM=
github.com/x448/float16 v0.8.4/go.mod h1:14CWIYCyZA/cWjXOioeEpHeN/83MdbZDRQHoFcYsOfg=
github.com/yuin/goldmark v1.1.27/go.mod h1:3hX8gzYuyVAZsxl0MRgGTJEmQBFcNTphYh9decYSb74=
github.com/yuin/goldmark v1.2.1/go.mod h1:3hX8gzYuyVAZsxl0MRgGTJEmQBFcNTphYh9decYSb74=
go.opentelemetry.io/auto/sdk v1.1.0 h1:cH53jehLUN6UFLY71z+NDOiNJqDdPRaXzTel0sJySYA=
go.opentelemetry.io/auto/sdk v1.1.0/go.mod h1:3wSPjt5PWp2RhlCcmmOial7AvC4DQqZb7a7wCow3W8A=
go.opentelemetry.io/contrib/instrumentation/net/http/otelhttp v0.59.0 h1:CV7UdSGJt/Ao6Gp4CXckLxVRRsRgDHoI8XjbL3PDl8s=
go.opentelemetry.io/contrib/instrumentation/net/http/otelhttp v0.59.0/go.mod h1:FRmFuRJfag1IZ2dPkHnEoSFVgTVPUd2qf5Vi69hLb8I=
go.opentelemetry.io/otel v1.35.0 h1:xKWKPxrxB6OtMCbmMY021CqC45J+3Onta9MqjhnusiQ=
go.opentelemetry.io/otel v1.35.0/go.mod h1:UEqy8Zp11hpkUrL73gSlELM0DupHoiq72dR+Zqel/+Y=
go.opentelemetry.io/otel/exporters/otlp/otlptrace v1.35.0 h1:1fTNlAIJZGWLP5FVu0fikVry1IsiUnXjf7QFvoNN3Xw=
go.opentelemetry.io/otel/exporters/otlp/otlptrace v1.35.0/go.mod h1:zjPK58DtkqQFn+YUMbx0M2XV3QgKU0gS9LeGohREyK4=
go.opentelemetry.io/otel/exporters/otlp/otlptrace/otlptracegrpc v1.35.0 h1:m639+BofXTvcY1q8CGs4ItwQarYtJPOWmVobfM1HpVI=
go.opentelemetry.io/otel/exporters/otlp/otlptrace/otlptracegrpc v1.35.0/go.mod h1:LjReUci/F4BUyv+y4dwnq3h/26iNOeC3wAIqgvTIZVo=
go.opentelemetry.io/otel/metric v1.35.0 h1:0znxYu2SNyuMSQT4Y9WDWej0VpcsxkuklLa4/siN90M=
go.opentelemetry.io/otel/metric v1.35.0/go.mod h1:nKVFgxBZ2fReX6IlyW28MgZojkoAkJGaE8CpgeAU3oE=
go.opentelemetry.io/otel/sdk v1.35.0 h1:iPctf8iprVySXSKJffSS79eOjl9pvxV9ZqOWT0QejKY=
go.opentelemetry.io/otel/sdk v1.35.0/go.mod h1:+ga1bZliga3DxJ3CQGg3updiaAJoNECOgJREo9KHGQg=
go.opentelemetry.io/otel/sdk/metric v1.34.0 h1:5CeK9ujjbFVL5c1PhLuStg1wxA7vQv7ce1EK0Gyvahk=
go.opentelemetry.io/otel/sdk/metric v1.34.0/go.mod h1:jQ/r8Ze28zRKoNRdkjCZxfs6YvBTG1+YIqyFVFYec5w=
go.opentelemetry.io/otel/trace v1.35.0 h1:dPpEfJu1sDIqruz7BHFG3c7528f6ddfSWfFDVt/xgMs=
go.opentelemetry.io/otel/trace v1.35.0/go.mod h1:WUk7DtFp1Aw2MkvqGdwiXYDZZNvA/1J8o6xRXLrIkyc=
go.opentelemetry.io/proto/otlp v1.5.0 h1:xJvq7gMzB31/d406fB8U5CBdyQGw4P399D1aQWU/3i4=
go.opentelemetry.io/proto/otlp v1.5.0/go.mod h1:keN8WnHxOy8PG0rQZjJJ5A2ebUoafqWp0eVQ4yIXvJ4=
go.uber.org/goleak v1.3.0 h1:2K3zAYmnTNqV73imy9J1T3WC+gmCePx2hEGkimedGto=
go.uber.org/goleak v1.3.0/go.mod h1:CoHD4mav9JJNrW/WLlf7HGZPjdw8EucARQHekz1X6bE=
go.uber.org/multierr v1.11.0 h1:blXXJkSxSSfBVBlC76pxqeO+LN3aDfLQo+309xJstO0=
go.uber.org/multierr v1.11.0/go.mod h1:20+QtiLqy0Nd6FdQB9TLXag12DsQkrbs3htMFfDN80Y=
golang.org/x/crypto v0.0.0-20190308221718-c2843e01d9a2/go.mod h1:djNgcEr1/C05ACkg1iLfiJU5Ep61QUkGW8qpdssI0+w=
golang.org/x/crypto v0.0.0-20191011191535-87dc89f01550/go.mod h1:yigFU9vqHzYiE8UmvKecakEJjdnWj3jj499lnFckfCI=
golang.org/x/crypto v0.0.0-20200622213623-75b288015ac9/go.mod h1:LzIPMQfyMNhhGPhUkYOs5KpL4U8rLKemX1yGLhDgUto=
golang.org/x/crypto v0.36.0 h1:AnAEvhDddvBdpY+uR+MyHmuZzzNqXSe/GvuDeob5L34=
golang.org/x/crypto v0.36.0/go.mod h1:Y4J0ReaxCR1IMaabaSMugxJES1EpwhBHhv2bDHklZvc=
golang.org/x/exp v0.0.0-20250305212735-054e65f0b394 h1:nDVHiLt8aIbd/VzvPWN6kSOPE7+F/fNFDSXLVYkE/Iw=
golang.org/x/exp v0.0.0-20250305212735-054e65f0b394/go.mod h1:sIifuuw/Yco/y6yb6+bDNfyeQ/MdPUy/hKEMYQV17cM=
golang.org/x/mod v0.2.0/go.mod h1:s0Qsj1ACt9ePp/hMypM3fl4fZqREWJwdYDEqhRiZZUA=
golang.org/x/mod v0.3.0/go.mod h1:s0Qsj1ACt9ePp/hMypM3fl4fZqREWJwdYDEqhRiZZUA=
golang.org/x/net v0.0.0-20190404232315-eb5bcb51f2a3/go.mod h1:t9HGtf8HONx5eT2rtn7q6eTqICYqUVnKs3thJo3Qplg=
golang.org/x/net v0.0.0-20190620200207-3b0461eec859/go.mod h1:z5CRVTTTmAJ677TzLLGU+0bjPO0LkuOLi4/5GtJWs/s=
golang.org/x/net v0.0.0-20200226121028-0de0cce0169b/go.mod h1:z5CRVTTTmAJ677TzLLGU+0bjPO0LkuOLi4/5GtJWs/s=
golang.org/x/net v0.0.0-20201021035429-f5854403a974/go.mod h1:sp8m0HH+o8qH0wwXwYZr8TS3Oi6o0r6Gce1SSxlDquU=
golang.org/x/net v0.38.0 h1:vRMAPTMaeGqVhG5QyLJHqNDwecKTomGeqbnfZyKlBI8=
golang.org/x/net v0.38.0/go.mod h1:ivrbrMbzFq5J41QOQh0siUuly180yBYtLp+CKbEaFx8=
golang.org/x/oauth2 v0.28.0 h1:CrgCKl8PPAVtLnU3c+EDw6x11699EWlsDeWNWKdIOkc=
golang.org/x/oauth2 v0.28.0/go.mod h1:onh5ek6nERTohokkhCD/y2cV4Do3fxFHFuAejCkRWT8=
golang.org/x/sync v0.0.0-20190423024810-112230192c58/go.mod h1:RxMgew5VJxzue5/jJTE5uejpjVlOe/izrB70Jof72aM=
golang.org/x/sync v0.0.0-20190911185100-cd5d95a43a6e/go.mod h1:RxMgew5VJxzue5/jJTE5uejpjVlOe/izrB70Jof72aM=
golang.org/x/sync v0.0.0-20201020160332-67f06af15bc9/go.mod h1:RxMgew5VJxzue5/jJTE5uejpjVlOe/izrB70Jof72aM=
golang.org/x/sync v0.13.0 h1:AauUjRAJ9OSnvULf/ARrrVywoJDy0YS2AwQ98I37610=
golang.org/x/sync v0.13.0/go.mod h1:1dzgHSNfp02xaA81J2MS99Qcpr2w7fw1gpm99rleRqA=
golang.org/x/sys v0.0.0-20190215142949-d0b11bdaac8a/go.mod h1:STP8DvDyc/dI5b8T5hshtkjS+E42TnysNCUPdjciGhY=
golang.org/x/sys v0.0.0-20190412213103-97732733099d/go.mod h1:h1NjWce9XRLGQEsW7wpKNCjG9DtNlClVuFLEZdDNbEs=
golang.org/x/sys v0.0.0-20200930185726-fdedc70b468f/go.mod h1:h1NjWce9XRLGQEsW7wpKNCjG9DtNlClVuFLEZdDNbEs=
golang.org/x/sys v0.0.0-20220811171246-fbc7d0a398ab/go.mod h1:oPkhp1MJrh7nUepCBck5+mAzfO9JrbApNNgaTdGDITg=
golang.org/x/sys v0.6.0/go.mod h1:oPkhp1MJrh7nUepCBck5+mAzfO9JrbApNNgaTdGDITg=
golang.org/x/sys v0.12.0/go.mod h1:oPkhp1MJrh7nUepCBck5+mAzfO9JrbApNNgaTdGDITg=
golang.org/x/sys v0.31.0 h1:ioabZlmFYtWhL+TRYpcnNlLwhyxaM9kWTDEmfnprqik=
golang.org/x/sys v0.31.0/go.mod h1:BJP2sWEmIv4KK5OTEluFJCKSidICx8ciO85XgH3Ak8k=
golang.org/x/term v0.30.0 h1:PQ39fJZ+mfadBm0y5WlL4vlM7Sx1Hgf13sMIY2+QS9Y=
golang.org/x/term v0.30.0/go.mod h1:NYYFdzHoI5wRh/h5tDMdMqCqPJZEuNqVR5xJLd/n67g=
golang.org/x/text v0.3.0/go.mod h1:NqM8EUOU14njkJ3fqMW+pc6Ldnwhi/IjpwHt7yyuwOQ=
golang.org/x/text v0.3.3/go.mod h1:5Zoc/QRtKVWzQhOtBMvqHzDpF6irO9z98xDceosuGiQ=
golang.org/x/text v0.24.0 h1:dd5Bzh4yt5KYA8f9CJHCP4FB4D51c2c6JvN37xJJkJ0=
golang.org/x/text v0.24.0/go.mod h1:L8rBsPeo2pSS+xqN0d5u2ikmjtmoJbDBT1b7nHvFCdU=
golang.org/x/time v0.11.0 h1:/bpjEDfN9tkoN/ryeYHnv5hcMlc8ncjMcM4XBk5NWV0=
golang.org/x/time v0.11.0/go.mod h1:CDIdPxbZBQxdj6cxyCIdrNogrJKMJ7pr37NYpMcMDSg=
golang.org/x/tools v0.0.0-20180917221912-90fa682c2a6e/go.mod h1:n7NCudcB/nEzxVGmLbDWY5pfWTLqBcC2KZ6jyYvM4mQ=
golang.org/x/tools v0.0.0-20191119224855-298f0cb1881e/go.mod h1:b+2E5dAYhXwXZwtnZ6UAqBI28+e2cm9otk0dWdXHAEo=
golang.org/x/tools v0.0.0-20200619180055-7c47624df98f/go.mod h1:EkVYQZoAsY45+roYkvgYkIh4xh/qjgUK9TdY2XT94GE=
golang.org/x/tools v0.0.0-20210106214847-113979e3529a/go.mod h1:emZCQorbCU4vsT4fOWvOPXz4eW1wZW4PmDk9uLelYpA=
golang.org/x/tools v0.31.0 h1:0EedkvKDbh+qistFTd0Bcwe/YLh4vHwWEkiI0toFIBU=
golang.org/x/tools v0.31.0/go.mod h1:naFTU+Cev749tSJRXJlna0T3WxKvb1kWEx15xA4SdmQ=
golang.org/x/xerrors v0.0.0-20190717185122-a985d3407aa7/go.mod h1:I/5z698sn9Ka8TeJc9MKroUUfqBBauWjQqLJ2OPfmY0=
golang.org/x/xerrors v0.0.0-20191011141410-1b5146add898/go.mod h1:I/5z698sn9Ka8TeJc9MKroUUfqBBauWjQqLJ2OPfmY0=
golang.org/x/xerrors v0.0.0-20191204190536-9bdfabe68543/go.mod h1:I/5z698sn9Ka8TeJc9MKroUUfqBBauWjQqLJ2OPfmY0=
golang.org/x/xerrors v0.0.0-20200804184101-5ec99f83aff1/go.mod h1:I/5z698sn9Ka8TeJc9MKroUUfqBBauWjQqLJ2OPfmY0=
google.golang.org/api v0.228.0 h1:X2DJ/uoWGnY5obVjewbp8icSL5U4FzuCfy9OjbLSnLs=
google.golang.org/api v0.228.0/go.mod h1:wNvRS1Pbe8r4+IfBIniV8fwCpGwTrYa+kMUDiC5z5a4=
google.golang.org/genproto/googleapis/api v0.0.0-20250218202821-56aae31c358a h1:nwKuGPlUAt+aR+pcrkfFRrTU1BVrSmYyYMxYbUIVHr0=
google.golang.org/genproto/googleapis/api v0.0.0-20250218202821-56aae31c358a/go.mod h1:3kWAYMk1I75K4vykHtKt2ycnOgpA6974V7bREqbsenU=
google.golang.org/genproto/googleapis/rpc v0.0.0-20250324211829-b45e905df463 h1:e0AIkUUhxyBKh6ssZNrAMeqhA7RKUj42346d1y02i2g=
google.golang.org/genproto/googleapis/rpc v0.0.0-20250324211829-b45e905df463/go.mod h1:qQ0YXyHHx3XkvlzUtpXDkS29lDSafHMZBAZDc03LQ3A=
google.golang.org/grpc v1.71.1 h1:ffsFWr7ygTUscGPI0KKK6TLrGz0476KUvvsbqWK0rPI=
google.golang.org/grpc v1.71.1/go.mod h1:H0GRtasmQOh9LkFoCPDu3ZrwUtD1YGE+b2vYBYd/8Ec=
google.golang.org/protobuf v1.36.6 h1:z1NpPI8ku2WgiWnf+t9wTPsn6eP1L7ksHUlkfLvd9xY=
google.golang.org/protobuf v1.36.6/go.mod h1:jduwjTPXsFjZGTmRluh+L6NjiWu7pchiJ2/5YcXBHnY=
gopkg.in/check.v1 v0.0.0-20161208181325-20d25e280405/go.mod h1:Co6ibVJAznAaIkqp8huTwlJQCZ016jof/cbN4VW5Yz0=
gopkg.in/check.v1 v1.0.0-20201130134442-10cb98267c6c h1:Hei/4ADfdWqJk1ZMxUNpqntNwaWcugrBjAiHlqqRiVk=
gopkg.in/check.v1 v1.0.0-20201130134442-10cb98267c6c/go.mod h1:JHkPIbrfpd72SG/EVd6muEfDQjcINNoR0C8j2r3qZ4Q=
gopkg.in/evanphx/json-patch.v4 v4.12.0 h1:n6jtcsulIzXPJaxegRbvFNNrZDjbij7ny3gmSPG+6V4=
gopkg.in/evanphx/json-patch.v4 v4.12.0/go.mod h1:p8EYWUEYMpynmqDbY58zCKCFZw8pRWMG4EsWvDvM72M=
gopkg.in/inf.v0 v0.9.1 h1:73M5CoZyi3ZLMOyDlQh031Cx6N9NDJ2Vvfl76EDAgDc=
gopkg.in/inf.v0 v0.9.1/go.mod h1:cWUDdTG/fYaXco+Dcufb5Vnc6Gp2YChqWtbxRZE0mXw=
gopkg.in/yaml.v3 v3.0.0-20200313102051-9f266ea9e77c/go.mod h1:K4uyk7z7BCEPqu6E+C64Yfv1cQ7kz7rIZviUmN+EgEM=
gopkg.in/yaml.v3 v3.0.1 h1:fxVm/GzAzEWqLHuvctI91KS9hhNmmWOoWu0XTYJS7CA=
gopkg.in/yaml.v3 v3.0.1/go.mod h1:K4uyk7z7BCEPqu6E+C64Yfv1cQ7kz7rIZviUmN+EgEM=
k8s.io/api v0.32.3 h1:Hw7KqxRusq+6QSplE3NYG4MBxZw1BZnq4aP4cJVINls=
k8s.io/api v0.32.3/go.mod h1:2wEDTXADtm/HA7CCMD8D8bK4yuBUptzaRhYcYEEYA3k=
k8s.io/apimachinery v0.32.3 h1:JmDuDarhDmA/Li7j3aPrwhpNBA94Nvk5zLeOge9HH1U=
k8s.io/apimachinery v0.32.3/go.mod h1:GpHVgxoKlTxClKcteaeuF1Ul/lDVb74KpZcxcmLDElE=
k8s.io/client-go v0.32.3 h1:RKPVltzopkSgHS7aS98QdscAgtgah/+zmpAogooIqVU=
k8s.io/client-go v0.32.3/go.mod h1:3v0+3k4IcT9bXTc4V2rt+d2ZPPG700Xy6Oi0Gdl2PaY=
k8s.io/klog/v2 v2.130.1 h1:n9Xl7H1Xvksem4KFG4PYbdQCQxqc/tTUyrgXaOhHSzk=
k8s.io/klog/v2 v2.130.1/go.mod h1:3Jpz1GvMt720eyJH1ckRHK1EDfpxISzJ7I9OYgaDtPE=
k8s.io/kube-openapi v0.0.0-20241105132330-32ad38e42d3f h1:GA7//TjRY9yWGy1poLzYYJJ4JRdzg3+O6e8I+e+8T5Y=
k8s.io/kube-openapi v0.0.0-20241105132330-32ad38e42d3f/go.mod h1:R/HEjbvWI0qdfb8viZUeVZm0X6IZnxAydC7YU42CMw4=
k8s.io/utils v0.0.0-20241104100929-3ea5e8cea738 h1:M3sRQVHv7vB20Xc2ybTt7ODCeFj6JSWYFzOFnYeS6Ro=
k8s.io/utils v0.0.0-20241104100929-3ea5e8cea738/go.mod h1:OLgZIPagt7ERELqWJFomSt595RzquPNLL48iOWgYOg0=
modernc.org/libc v1.61.13 h1:3LRd6ZO1ezsFiX1y+bHd1ipyEHIJKvuprv0sLTBwLW8=
modernc.org/libc v1.61.13/go.mod h1:8F/uJWL/3nNil0Lgt1Dpz+GgkApWh04N3el3hxJcA6E=
modernc.org/mathutil v1.7.1 h1:GCZVGXdaN8gTqB1Mf/usp1Y/hSqgI2vAGGP4jZMCxOU=
modernc.org/mathutil v1.7.1/go.mod h1:4p5IwJITfppl0G4sUEDtCr4DthTaT47/N3aT6MhfgJg=
modernc.org/memory v1.9.1 h1:V/Z1solwAVmMW1yttq3nDdZPJqV1rM05Ccq6KMSZ34g=
modernc.org/memory v1.9.1/go.mod h1:/JP4VbVC+K5sU2wZi9bHoq2MAkCnrt2r98UGeSK7Mjw=
modernc.org/sqlite v1.36.2 h1:vjcSazuoFve9Wm0IVNHgmJECoOXLZM1KfMXbcX2axHA=
modernc.org/sqlite v1.36.2/go.mod h1:ADySlx7K4FdY5MaJcEv86hTJ0PjedAloTUuif0YS3ws=
sigs.k8s.io/json v0.0.0-20241010143419-9aa6b5e7a4b3 h1:/Rv+M11QRah1itp8VhT6HoVx1Ray9eB4DBr+K+/sCJ8=
sigs.k8s.io/json v0.0.0-20241010143419-9aa6b5e7a4b3/go.mod h1:18nIHnGi6636UCz6m8i4DhaJ65T6EruyzmoQqI2BVDo=
sigs.k8s.io/structured-merge-diff/v4 v4.4.2 h1:MdmvkGuXi/8io6ixD5wud3vOLwc1rj0aNqRlpuvjmwA=
sigs.k8s.io/structured-merge-diff/v4 v4.4.2/go.mod h1:N8f93tFZh9U6vpxwRArLiikrE5/2tiu1w1AGfACIGE4=
sigs.k8s.io/yaml v1.4.0 h1:Mk1wCc2gy/F0THH0TAp1QYyJNzRm2KCLy3o5ASXVI5E=
sigs.k8s.io/yaml v1.4.0/go.mod h1:Ejl7/uTz7PSA4eKMyQCUTnhZYNmLIl+5c2lQPGR2BPY=
