# This file is automatically @generated by Poetry 1.8.2 and should not be changed by hand.

[[package]]
name = "aiostream"
version = "0.5.2"
description = "Generator-based operators for asynchronous iteration"
optional = false
python-versions = ">=3.8"
files = [
    {file = "aiostream-0.5.2-py3-none-any.whl", hash = "sha256:054660370be9d37f6fe3ece3851009240416bd082e469fd90cc8673d3818cf71"},
    {file = "aiostream-0.5.2.tar.gz", hash = "sha256:b71b519a2d66c38f0872403ab86417955b77352f08d9ad02ad46fc3926b389f4"},
]

[package.dependencies]
typing-extensions = "*"

[[package]]
name = "annotated-types"
version = "0.6.0"
description = "Reusable constraint types to use with typing.Annotated"
optional = false
python-versions = ">=3.8"
files = [
    {file = "annotated_types-0.6.0-py3-none-any.whl", hash = "sha256:0641064de18ba7a25dee8f96403ebc39113d0cb953a01429249d5c7564666a43"},
    {file = "annotated_types-0.6.0.tar.gz", hash = "sha256:563339e807e53ffd9c267e99fc6d9ea23eb8443c08f112651963e24e22f84a5d"},
]

[package.dependencies]
typing-extensions = {version = ">=4.0.0", markers = "python_version < \"3.9\""}

[[package]]
name = "colorama"
version = "0.4.6"
description = "Cross-platform colored terminal text."
optional = false
python-versions = "!=3.0.*,!=3.1.*,!=3.2.*,!=3.3.*,!=3.4.*,!=3.5.*,!=3.6.*,>=2.7"
files = [
    {file = "colorama-0.4.6-py2.py3-none-any.whl", hash = "sha256:4f1d9991f5acc0ca119f9d443620b77f9d6b33703e51011c16baf57afb285fc6"},
    {file = "colorama-0.4.6.tar.gz", hash = "sha256:08695f5cb7ed6e0531a20572697297273c47b8cae5a63ffc6d6ed5c201be6e44"},
]

[[package]]
name = "grpcio"
version = "1.62.1"
description = "HTTP/2-based RPC framework"
optional = false
python-versions = ">=3.7"
files = [
    {file = "grpcio-1.62.1-cp310-cp310-linux_armv7l.whl", hash = "sha256:179bee6f5ed7b5f618844f760b6acf7e910988de77a4f75b95bbfaa8106f3c1e"},
    {file = "grpcio-1.62.1-cp310-cp310-macosx_12_0_universal2.whl", hash = "sha256:48611e4fa010e823ba2de8fd3f77c1322dd60cb0d180dc6630a7e157b205f7ea"},
    {file = "grpcio-1.62.1-cp310-cp310-manylinux_2_17_aarch64.whl", hash = "sha256:b2a0e71b0a2158aa4bce48be9f8f9eb45cbd17c78c7443616d00abbe2a509f6d"},
    {file = "grpcio-1.62.1-cp310-cp310-manylinux_2_17_i686.manylinux2014_i686.whl", hash = "sha256:fbe80577c7880911d3ad65e5ecc997416c98f354efeba2f8d0f9112a67ed65a5"},
    {file = "grpcio-1.62.1-cp310-cp310-manylinux_2_17_x86_64.manylinux2014_x86_64.whl", hash = "sha256:58f6c693d446964e3292425e1d16e21a97a48ba9172f2d0df9d7b640acb99243"},
    {file = "grpcio-1.62.1-cp310-cp310-musllinux_1_1_i686.whl", hash = "sha256:77c339403db5a20ef4fed02e4d1a9a3d9866bf9c0afc77a42234677313ea22f3"},
    {file = "grpcio-1.62.1-cp310-cp310-musllinux_1_1_x86_64.whl", hash = "sha256:b5a4ea906db7dec694098435d84bf2854fe158eb3cd51e1107e571246d4d1d70"},
    {file = "grpcio-1.62.1-cp310-cp310-win32.whl", hash = "sha256:4187201a53f8561c015bc745b81a1b2d278967b8de35f3399b84b0695e281d5f"},
    {file = "grpcio-1.62.1-cp310-cp310-win_amd64.whl", hash = "sha256:844d1f3fb11bd1ed362d3fdc495d0770cfab75761836193af166fee113421d66"},
    {file = "grpcio-1.62.1-cp311-cp311-linux_armv7l.whl", hash = "sha256:833379943d1728a005e44103f17ecd73d058d37d95783eb8f0b28ddc1f54d7b2"},
    {file = "grpcio-1.62.1-cp311-cp311-macosx_10_10_universal2.whl", hash = "sha256:c7fcc6a32e7b7b58f5a7d27530669337a5d587d4066060bcb9dee7a8c833dfb7"},
    {file = "grpcio-1.62.1-cp311-cp311-manylinux_2_17_aarch64.whl", hash = "sha256:fa7d28eb4d50b7cbe75bb8b45ed0da9a1dc5b219a0af59449676a29c2eed9698"},
    {file = "grpcio-1.62.1-cp311-cp311-manylinux_2_17_i686.manylinux2014_i686.whl", hash = "sha256:48f7135c3de2f298b833be8b4ae20cafe37091634e91f61f5a7eb3d61ec6f660"},
    {file = "grpcio-1.62.1-cp311-cp311-manylinux_2_17_x86_64.manylinux2014_x86_64.whl", hash = "sha256:71f11fd63365ade276c9d4a7b7df5c136f9030e3457107e1791b3737a9b9ed6a"},
    {file = "grpcio-1.62.1-cp311-cp311-musllinux_1_1_i686.whl", hash = "sha256:4b49fd8fe9f9ac23b78437da94c54aa7e9996fbb220bac024a67469ce5d0825f"},
    {file = "grpcio-1.62.1-cp311-cp311-musllinux_1_1_x86_64.whl", hash = "sha256:482ae2ae78679ba9ed5752099b32e5fe580443b4f798e1b71df412abf43375db"},
    {file = "grpcio-1.62.1-cp311-cp311-win32.whl", hash = "sha256:1faa02530b6c7426404372515fe5ddf66e199c2ee613f88f025c6f3bd816450c"},
    {file = "grpcio-1.62.1-cp311-cp311-win_amd64.whl", hash = "sha256:5bd90b8c395f39bc82a5fb32a0173e220e3f401ff697840f4003e15b96d1befc"},
    {file = "grpcio-1.62.1-cp312-cp312-linux_armv7l.whl", hash = "sha256:b134d5d71b4e0837fff574c00e49176051a1c532d26c052a1e43231f252d813b"},
    {file = "grpcio-1.62.1-cp312-cp312-macosx_10_10_universal2.whl", hash = "sha256:d1f6c96573dc09d50dbcbd91dbf71d5cf97640c9427c32584010fbbd4c0e0037"},
    {file = "grpcio-1.62.1-cp312-cp312-manylinux_2_17_aarch64.whl", hash = "sha256:359f821d4578f80f41909b9ee9b76fb249a21035a061a327f91c953493782c31"},
    {file = "grpcio-1.62.1-cp312-cp312-manylinux_2_17_i686.manylinux2014_i686.whl", hash = "sha256:a485f0c2010c696be269184bdb5ae72781344cb4e60db976c59d84dd6354fac9"},
    {file = "grpcio-1.62.1-cp312-cp312-manylinux_2_17_x86_64.manylinux2014_x86_64.whl", hash = "sha256:b50b09b4dc01767163d67e1532f948264167cd27f49e9377e3556c3cba1268e1"},
    {file = "grpcio-1.62.1-cp312-cp312-musllinux_1_1_i686.whl", hash = "sha256:3227c667dccbe38f2c4d943238b887bac588d97c104815aecc62d2fd976e014b"},
    {file = "grpcio-1.62.1-cp312-cp312-musllinux_1_1_x86_64.whl", hash = "sha256:3952b581eb121324853ce2b191dae08badb75cd493cb4e0243368aa9e61cfd41"},
    {file = "grpcio-1.62.1-cp312-cp312-win32.whl", hash = "sha256:83a17b303425104d6329c10eb34bba186ffa67161e63fa6cdae7776ff76df73f"},
    {file = "grpcio-1.62.1-cp312-cp312-win_amd64.whl", hash = "sha256:6696ffe440333a19d8d128e88d440f91fb92c75a80ce4b44d55800e656a3ef1d"},
    {file = "grpcio-1.62.1-cp37-cp37m-linux_armv7l.whl", hash = "sha256:e3393b0823f938253370ebef033c9fd23d27f3eae8eb9a8f6264900c7ea3fb5a"},
    {file = "grpcio-1.62.1-cp37-cp37m-macosx_10_10_universal2.whl", hash = "sha256:83e7ccb85a74beaeae2634f10eb858a0ed1a63081172649ff4261f929bacfd22"},
    {file = "grpcio-1.62.1-cp37-cp37m-manylinux_2_17_aarch64.whl", hash = "sha256:882020c87999d54667a284c7ddf065b359bd00251fcd70279ac486776dbf84ec"},
    {file = "grpcio-1.62.1-cp37-cp37m-manylinux_2_17_i686.manylinux2014_i686.whl", hash = "sha256:a10383035e864f386fe096fed5c47d27a2bf7173c56a6e26cffaaa5a361addb1"},
    {file = "grpcio-1.62.1-cp37-cp37m-manylinux_2_17_x86_64.manylinux2014_x86_64.whl", hash = "sha256:960edebedc6b9ada1ef58e1c71156f28689978188cd8cff3b646b57288a927d9"},
    {file = "grpcio-1.62.1-cp37-cp37m-musllinux_1_1_i686.whl", hash = "sha256:23e2e04b83f347d0aadde0c9b616f4726c3d76db04b438fd3904b289a725267f"},
    {file = "grpcio-1.62.1-cp37-cp37m-musllinux_1_1_x86_64.whl", hash = "sha256:978121758711916d34fe57c1f75b79cdfc73952f1481bb9583399331682d36f7"},
    {file = "grpcio-1.62.1-cp37-cp37m-win_amd64.whl", hash = "sha256:9084086190cc6d628f282e5615f987288b95457292e969b9205e45b442276407"},
    {file = "grpcio-1.62.1-cp38-cp38-linux_armv7l.whl", hash = "sha256:22bccdd7b23c420a27fd28540fb5dcbc97dc6be105f7698cb0e7d7a420d0e362"},
    {file = "grpcio-1.62.1-cp38-cp38-macosx_10_10_universal2.whl", hash = "sha256:8999bf1b57172dbc7c3e4bb3c732658e918f5c333b2942243f10d0d653953ba9"},
    {file = "grpcio-1.62.1-cp38-cp38-manylinux_2_17_aarch64.whl", hash = "sha256:d9e52558b8b8c2f4ac05ac86344a7417ccdd2b460a59616de49eb6933b07a0bd"},
    {file = "grpcio-1.62.1-cp38-cp38-manylinux_2_17_i686.manylinux2014_i686.whl", hash = "sha256:1714e7bc935780bc3de1b3fcbc7674209adf5208ff825799d579ffd6cd0bd505"},
    {file = "grpcio-1.62.1-cp38-cp38-manylinux_2_17_x86_64.manylinux2014_x86_64.whl", hash = "sha256:c8842ccbd8c0e253c1f189088228f9b433f7a93b7196b9e5b6f87dba393f5d5d"},
    {file = "grpcio-1.62.1-cp38-cp38-musllinux_1_1_i686.whl", hash = "sha256:1f1e7b36bdff50103af95a80923bf1853f6823dd62f2d2a2524b66ed74103e49"},
    {file = "grpcio-1.62.1-cp38-cp38-musllinux_1_1_x86_64.whl", hash = "sha256:bba97b8e8883a8038606480d6b6772289f4c907f6ba780fa1f7b7da7dfd76f06"},
    {file = "grpcio-1.62.1-cp38-cp38-win32.whl", hash = "sha256:a7f615270fe534548112a74e790cd9d4f5509d744dd718cd442bf016626c22e4"},
    {file = "grpcio-1.62.1-cp38-cp38-win_amd64.whl", hash = "sha256:e6c8c8693df718c5ecbc7babb12c69a4e3677fd11de8886f05ab22d4e6b1c43b"},
    {file = "grpcio-1.62.1-cp39-cp39-linux_armv7l.whl", hash = "sha256:73db2dc1b201d20ab7083e7041946910bb991e7e9761a0394bbc3c2632326483"},
    {file = "grpcio-1.62.1-cp39-cp39-macosx_10_10_universal2.whl", hash = "sha256:407b26b7f7bbd4f4751dbc9767a1f0716f9fe72d3d7e96bb3ccfc4aace07c8de"},
    {file = "grpcio-1.62.1-cp39-cp39-manylinux_2_17_aarch64.whl", hash = "sha256:f8de7c8cef9261a2d0a62edf2ccea3d741a523c6b8a6477a340a1f2e417658de"},
    {file = "grpcio-1.62.1-cp39-cp39-manylinux_2_17_i686.manylinux2014_i686.whl", hash = "sha256:9bd5c8a1af40ec305d001c60236308a67e25419003e9bb3ebfab5695a8d0b369"},
    {file = "grpcio-1.62.1-cp39-cp39-manylinux_2_17_x86_64.manylinux2014_x86_64.whl", hash = "sha256:be0477cb31da67846a33b1a75c611f88bfbcd427fe17701b6317aefceee1b96f"},
    {file = "grpcio-1.62.1-cp39-cp39-musllinux_1_1_i686.whl", hash = "sha256:60dcd824df166ba266ee0cfaf35a31406cd16ef602b49f5d4dfb21f014b0dedd"},
    {file = "grpcio-1.62.1-cp39-cp39-musllinux_1_1_x86_64.whl", hash = "sha256:973c49086cabab773525f6077f95e5a993bfc03ba8fc32e32f2c279497780585"},
    {file = "grpcio-1.62.1-cp39-cp39-win32.whl", hash = "sha256:12859468e8918d3bd243d213cd6fd6ab07208195dc140763c00dfe901ce1e1b4"},
    {file = "grpcio-1.62.1-cp39-cp39-win_amd64.whl", hash = "sha256:b7209117bbeebdfa5d898205cc55153a51285757902dd73c47de498ad4d11332"},
    {file = "grpcio-1.62.1.tar.gz", hash = "sha256:6c455e008fa86d9e9a9d85bb76da4277c0d7d9668a3bfa70dbe86e9f3c759947"},
]

[package.extras]
protobuf = ["grpcio-tools (>=1.62.1)"]

[[package]]
name = "grpcio-tools"
version = "1.62.1"
description = "Protobuf code generator for gRPC"
optional = false
python-versions = ">=3.7"
files = [
    {file = "grpcio-tools-1.62.1.tar.gz", hash = "sha256:a4991e5ee8a97ab791296d3bf7e8700b1445635cc1828cc98df945ca1802d7f2"},
    {file = "grpcio_tools-1.62.1-cp310-cp310-linux_armv7l.whl", hash = "sha256:f2b404bcae7e2ef9b0b9803b2a95119eb7507e6dc80ea4a64a78be052c30cebc"},
    {file = "grpcio_tools-1.62.1-cp310-cp310-macosx_12_0_universal2.whl", hash = "sha256:fdd987a580b4474769adfd40144486f54bcc73838d5ec5d3647a17883ea78e76"},
    {file = "grpcio_tools-1.62.1-cp310-cp310-manylinux_2_17_aarch64.whl", hash = "sha256:07af1a6442e2313cff22af93c2c4dd37ae32b5239b38e0d99e2cbf93de65429f"},
    {file = "grpcio_tools-1.62.1-cp310-cp310-manylinux_2_17_i686.manylinux2014_i686.whl", hash = "sha256:41384c9ee18e61ef20cad2774ef71bd8854b63efce263b5177aa06fccb84df1f"},
    {file = "grpcio_tools-1.62.1-cp310-cp310-manylinux_2_17_x86_64.manylinux2014_x86_64.whl", hash = "sha256:5c38006f7702d2ff52122e4c77a47348709374050c76216e84b30a9f06e45afa"},
    {file = "grpcio_tools-1.62.1-cp310-cp310-musllinux_1_1_i686.whl", hash = "sha256:08fecc3c5b4e6dd3278f2b9d12837e423c7dcff551ca1e587018b4a0fc5f8019"},
    {file = "grpcio_tools-1.62.1-cp310-cp310-musllinux_1_1_x86_64.whl", hash = "sha256:a01e8dcd0f041f6fa6d815c54a2017d032950e310c41d514a8bc041e872c4d12"},
    {file = "grpcio_tools-1.62.1-cp310-cp310-win32.whl", hash = "sha256:dd933b8e0b3c13fe3543d58f849a6a5e0d7987688cb6801834278378c724f695"},
    {file = "grpcio_tools-1.62.1-cp310-cp310-win_amd64.whl", hash = "sha256:2b04844a9382f1bde4b4174e476e654ab3976168d2469cb4b29e352f4f35a5aa"},
    {file = "grpcio_tools-1.62.1-cp311-cp311-linux_armv7l.whl", hash = "sha256:024380536ba71a96cdf736f0954f6ad03f5da609c09edbcc2ca02fdd639e0eed"},
    {file = "grpcio_tools-1.62.1-cp311-cp311-macosx_10_10_universal2.whl", hash = "sha256:21f14b99e0cd38ad56754cc0b62b2bf3cf75f9f7fc40647da54669e0da0726fe"},
    {file = "grpcio_tools-1.62.1-cp311-cp311-manylinux_2_17_aarch64.whl", hash = "sha256:975ac5fb482c23f3608c16e06a43c8bab4d79c2e2564cdbc25cf753c6e998775"},
    {file = "grpcio_tools-1.62.1-cp311-cp311-manylinux_2_17_i686.manylinux2014_i686.whl", hash = "sha256:50739aaab0c8076ad5957204e71f2e0c9876e11fd8338f7f09de12c2d75163c5"},
    {file = "grpcio_tools-1.62.1-cp311-cp311-manylinux_2_17_x86_64.manylinux2014_x86_64.whl", hash = "sha256:598c54318f0326cf5020aa43fc95a15e933aba4a71943d3bff2677d2d21ddfa1"},
    {file = "grpcio_tools-1.62.1-cp311-cp311-musllinux_1_1_i686.whl", hash = "sha256:f309bdb33a61f8e049480d41498ee2e525cfb5e959958b326abfdf552bf9b9cb"},
    {file = "grpcio_tools-1.62.1-cp311-cp311-musllinux_1_1_x86_64.whl", hash = "sha256:f358effd3c11d66c150e0227f983d54a5cd30e14038566dadcf25f9f6844e6e8"},
    {file = "grpcio_tools-1.62.1-cp311-cp311-win32.whl", hash = "sha256:b76aead9b73f1650a091870fe4e9ed15ac4d8ed136f962042367255199c23594"},
    {file = "grpcio_tools-1.62.1-cp311-cp311-win_amd64.whl", hash = "sha256:d66a5d47eaa427039752fa0a83a425ff2a487b6a0ac30556fd3be2f3a27a0130"},
    {file = "grpcio_tools-1.62.1-cp312-cp312-linux_armv7l.whl", hash = "sha256:575535d039b97d63e6a9abee626d6c7cd47bd8cb73dd00a5c84a98254a2164a4"},
    {file = "grpcio_tools-1.62.1-cp312-cp312-macosx_10_10_universal2.whl", hash = "sha256:22644c90e43d1a888477899af917979e17364fdd6e9bbb92679cd6a54c4d36c3"},
    {file = "grpcio_tools-1.62.1-cp312-cp312-manylinux_2_17_aarch64.whl", hash = "sha256:156d3e1b227c16e903003a56881dbe60e40f2b4bd66f0bc3b27c53e466e6384d"},
    {file = "grpcio_tools-1.62.1-cp312-cp312-manylinux_2_17_i686.manylinux2014_i686.whl", hash = "sha256:5ad7c5691625a85327e5b683443baf73ae790fd5afc938252041ed5cd665e377"},
    {file = "grpcio_tools-1.62.1-cp312-cp312-manylinux_2_17_x86_64.manylinux2014_x86_64.whl", hash = "sha256:0e140bbc08eea8abf51c0274f45fb1e8350220e64758998d7f3c7f985a0b2496"},
    {file = "grpcio_tools-1.62.1-cp312-cp312-musllinux_1_1_i686.whl", hash = "sha256:7444fcab861911525470d398e5638b70d5cbea3b4674a3de92b5c58c5c515d4d"},
    {file = "grpcio_tools-1.62.1-cp312-cp312-musllinux_1_1_x86_64.whl", hash = "sha256:e643cd14a5d1e59865cba68a5a6f0175d987f36c5f4cb0db80dee9ed60b4c174"},
    {file = "grpcio_tools-1.62.1-cp312-cp312-win32.whl", hash = "sha256:1344a773d2caa9bb7fbea7e879b84f33740c808c34a5bd2a2768e526117a6b44"},
    {file = "grpcio_tools-1.62.1-cp312-cp312-win_amd64.whl", hash = "sha256:2eea1db3748b2f37b4dce84d8e0c15d9bc811094807cabafe7b0ea47f424dfd5"},
    {file = "grpcio_tools-1.62.1-cp37-cp37m-linux_armv7l.whl", hash = "sha256:45d2e6cf04d27286b6f73e6e20ba3f0a1f6d8f5535e5dcb1356200419bb457f4"},
    {file = "grpcio_tools-1.62.1-cp37-cp37m-macosx_10_10_universal2.whl", hash = "sha256:46ae58e6926773e7315e9005f0f17aacedbc0895a8752bec087d24efa2f1fb21"},
    {file = "grpcio_tools-1.62.1-cp37-cp37m-manylinux_2_17_aarch64.whl", hash = "sha256:4c28086df31478023a36f45e50767872ab3aed2419afff09814cb61c88b77db4"},
    {file = "grpcio_tools-1.62.1-cp37-cp37m-manylinux_2_17_i686.manylinux2014_i686.whl", hash = "sha256:a4fba5b339f4797548591036c9481e6895bf920fab7d3dc664d2697f8fb7c0bf"},
    {file = "grpcio_tools-1.62.1-cp37-cp37m-manylinux_2_17_x86_64.manylinux2014_x86_64.whl", hash = "sha256:23eb3d47f78f509fcd201749b1f1e44b76f447913f7fbb3b8bae20f109086295"},
    {file = "grpcio_tools-1.62.1-cp37-cp37m-musllinux_1_1_i686.whl", hash = "sha256:fd5d47707bd6bc2b707ece765c362d2a1d2e8f6cd92b04c99fab49a929f3610c"},
    {file = "grpcio_tools-1.62.1-cp37-cp37m-musllinux_1_1_x86_64.whl", hash = "sha256:d1924a6a943df7c73b9ef0048302327c75962b567451479710da729ead241228"},
    {file = "grpcio_tools-1.62.1-cp37-cp37m-win_amd64.whl", hash = "sha256:fe71ca30aabe42591e84ecb9694c0297dc699cc20c5b24d2cb267fb0fc01f947"},
    {file = "grpcio_tools-1.62.1-cp38-cp38-linux_armv7l.whl", hash = "sha256:1819fd055c1ae672d1d725ec75eefd1f700c18acba0ed9332202be31d69c401d"},
    {file = "grpcio_tools-1.62.1-cp38-cp38-macosx_10_10_universal2.whl", hash = "sha256:5dbe1f7481dd14b6d477b4bace96d275090bc7636b9883975a08b802c94e7b78"},
    {file = "grpcio_tools-1.62.1-cp38-cp38-manylinux_2_17_aarch64.whl", hash = "sha256:771c051c5ece27ad03e4f2e33624a925f0ad636c01757ab7dbb04a37964af4ba"},
    {file = "grpcio_tools-1.62.1-cp38-cp38-manylinux_2_17_i686.manylinux2014_i686.whl", hash = "sha256:98209c438b38b6f1276dbc27b1c04e346a75bfaafe72a25a548f2dc5ce71d226"},
    {file = "grpcio_tools-1.62.1-cp38-cp38-manylinux_2_17_x86_64.manylinux2014_x86_64.whl", hash = "sha256:2152308e5321cb90fb45aaa84d03d6dedb19735a8779aaf36c624f97b831842d"},
    {file = "grpcio_tools-1.62.1-cp38-cp38-musllinux_1_1_i686.whl", hash = "sha256:ed1f27dc2b2262c8b8d9036276619c1bb18791311c16ccbf1f31b660f2aad7cf"},
    {file = "grpcio_tools-1.62.1-cp38-cp38-musllinux_1_1_x86_64.whl", hash = "sha256:2744947b6c5e907af21133431809ccca535a037356864e32c122efed8cb9de1f"},
    {file = "grpcio_tools-1.62.1-cp38-cp38-win32.whl", hash = "sha256:13b20e269d14ad629ff9a2c9a2450f3dbb119d5948de63b27ffe624fa7aea85a"},
    {file = "grpcio_tools-1.62.1-cp38-cp38-win_amd64.whl", hash = "sha256:999823758e9eacd0095863d06cd6d388be769f80c9abb65cdb11c4f2cfce3fea"},
    {file = "grpcio_tools-1.62.1-cp39-cp39-linux_armv7l.whl", hash = "sha256:941f8a5c31986053e75fa466bcfa743c2bf1b513b7978cf1f4ab4e96a8219d27"},
    {file = "grpcio_tools-1.62.1-cp39-cp39-macosx_10_10_universal2.whl", hash = "sha256:b9c02c88c77ef6057c6cbeea8922d7c2424aabf46bfc40ddf42a32765ba91061"},
    {file = "grpcio_tools-1.62.1-cp39-cp39-manylinux_2_17_aarch64.whl", hash = "sha256:6abd4eb3ccb444383a40156139acc3aaa73745d395139cb6bc8e2a3429e1e627"},
    {file = "grpcio_tools-1.62.1-cp39-cp39-manylinux_2_17_i686.manylinux2014_i686.whl", hash = "sha256:449503213d142f8470b331a1c2f346f8457f16c7fe20f531bc2500e271f7c14c"},
    {file = "grpcio_tools-1.62.1-cp39-cp39-manylinux_2_17_x86_64.manylinux2014_x86_64.whl", hash = "sha256:9a11bcf609d00cfc9baed77ab308223cabc1f0b22a05774a26dd4c94c0c80f1f"},
    {file = "grpcio_tools-1.62.1-cp39-cp39-musllinux_1_1_i686.whl", hash = "sha256:5d7bdea33354b55acf40bb4dd3ba7324d6f1ef6b4a1a4da0807591f8c7e87b9a"},
    {file = "grpcio_tools-1.62.1-cp39-cp39-musllinux_1_1_x86_64.whl", hash = "sha256:d03b645852d605f43003020e78fe6d573cae6ee6b944193e36b8b317e7549a20"},
    {file = "grpcio_tools-1.62.1-cp39-cp39-win32.whl", hash = "sha256:52b185dfc3bf32e70929310367dbc66185afba60492a6a75a9b1141d407e160c"},
    {file = "grpcio_tools-1.62.1-cp39-cp39-win_amd64.whl", hash = "sha256:63a273b70896d3640b7a883eb4a080c3c263d91662d870a2e9c84b7bbd978e7b"},
]

[package.dependencies]
grpcio = ">=1.62.1"
protobuf = ">=4.21.6,<5.0dev"
setuptools = "*"

[[package]]
name = "loguru"
version = "0.7.2"
description = "Python logging made (stupidly) simple"
optional = false
python-versions = ">=3.5"
files = [
    {file = "loguru-0.7.2-py3-none-any.whl", hash = "sha256:003d71e3d3ed35f0f8984898359d65b79e5b21943f78af86aa5491210429b8eb"},
    {file = "loguru-0.7.2.tar.gz", hash = "sha256:e671a53522515f34fd406340ee968cb9ecafbc4b36c679da03c18fd8d0bd51ac"},
]

[package.dependencies]
colorama = {version = ">=0.3.4", markers = "sys_platform == \"win32\""}
win32-setctime = {version = ">=1.0.0", markers = "sys_platform == \"win32\""}

[package.extras]
dev = ["Sphinx (==7.2.5)", "colorama (==0.4.5)", "colorama (==0.4.6)", "exceptiongroup (==1.1.3)", "freezegun (==1.1.0)", "freezegun (==1.2.2)", "mypy (==v0.910)", "mypy (==v0.971)", "mypy (==v1.4.1)", "mypy (==v1.5.1)", "pre-commit (==3.4.0)", "pytest (==6.1.2)", "pytest (==7.4.0)", "pytest-cov (==2.12.1)", "pytest-cov (==4.1.0)", "pytest-mypy-plugins (==1.9.3)", "pytest-mypy-plugins (==3.0.0)", "sphinx-autobuild (==2021.3.14)", "sphinx-rtd-theme (==1.3.0)", "tox (==3.27.1)", "tox (==4.11.0)"]

[[package]]
name = "protobuf"
version = "4.25.3"
description = ""
optional = false
python-versions = ">=3.8"
files = [
    {file = "protobuf-4.25.3-cp310-abi3-win32.whl", hash = "sha256:d4198877797a83cbfe9bffa3803602bbe1625dc30d8a097365dbc762e5790faa"},
    {file = "protobuf-4.25.3-cp310-abi3-win_amd64.whl", hash = "sha256:209ba4cc916bab46f64e56b85b090607a676f66b473e6b762e6f1d9d591eb2e8"},
    {file = "protobuf-4.25.3-cp37-abi3-macosx_10_9_universal2.whl", hash = "sha256:f1279ab38ecbfae7e456a108c5c0681e4956d5b1090027c1de0f934dfdb4b35c"},
    {file = "protobuf-4.25.3-cp37-abi3-manylinux2014_aarch64.whl", hash = "sha256:e7cb0ae90dd83727f0c0718634ed56837bfeeee29a5f82a7514c03ee1364c019"},
    {file = "protobuf-4.25.3-cp37-abi3-manylinux2014_x86_64.whl", hash = "sha256:7c8daa26095f82482307bc717364e7c13f4f1c99659be82890dcfc215194554d"},
    {file = "protobuf-4.25.3-cp38-cp38-win32.whl", hash = "sha256:f4f118245c4a087776e0a8408be33cf09f6c547442c00395fbfb116fac2f8ac2"},
    {file = "protobuf-4.25.3-cp38-cp38-win_amd64.whl", hash = "sha256:c053062984e61144385022e53678fbded7aea14ebb3e0305ae3592fb219ccfa4"},
    {file = "protobuf-4.25.3-cp39-cp39-win32.whl", hash = "sha256:19b270aeaa0099f16d3ca02628546b8baefe2955bbe23224aaf856134eccf1e4"},
    {file = "protobuf-4.25.3-cp39-cp39-win_amd64.whl", hash = "sha256:e3c97a1555fd6388f857770ff8b9703083de6bf1f9274a002a332d65fbb56c8c"},
    {file = "protobuf-4.25.3-py3-none-any.whl", hash = "sha256:f0700d54bcf45424477e46a9f0944155b46fb0639d69728739c0e47bab83f2b9"},
    {file = "protobuf-4.25.3.tar.gz", hash = "sha256:25b5d0b42fd000320bd7830b349e3b696435f3b329810427a6bcce6a5492cc5c"},
]

[[package]]
name = "pydantic"
version = "2.6.4"
description = "Data validation using Python type hints"
optional = false
python-versions = ">=3.8"
files = [
    {file = "pydantic-2.6.4-py3-none-any.whl", hash = "sha256:cc46fce86607580867bdc3361ad462bab9c222ef042d3da86f2fb333e1d916c5"},
    {file = "pydantic-2.6.4.tar.gz", hash = "sha256:b1704e0847db01817624a6b86766967f552dd9dbf3afba4004409f908dcc84e6"},
]

[package.dependencies]
annotated-types = ">=0.4.0"
pydantic-core = "2.16.3"
typing-extensions = ">=4.6.1"

[package.extras]
email = ["email-validator (>=2.0.0)"]

[[package]]
name = "pydantic-core"
version = "2.16.3"
description = ""
optional = false
python-versions = ">=3.8"
files = [
    {file = "pydantic_core-2.16.3-cp310-cp310-macosx_10_12_x86_64.whl", hash = "sha256:75b81e678d1c1ede0785c7f46690621e4c6e63ccd9192af1f0bd9d504bbb6bf4"},
    {file = "pydantic_core-2.16.3-cp310-cp310-macosx_11_0_arm64.whl", hash = "sha256:9c865a7ee6f93783bd5d781af5a4c43dadc37053a5b42f7d18dc019f8c9d2bd1"},
    {file = "pydantic_core-2.16.3-cp310-cp310-manylinux_2_17_aarch64.manylinux2014_aarch64.whl", hash = "sha256:162e498303d2b1c036b957a1278fa0899d02b2842f1ff901b6395104c5554a45"},
    {file = "pydantic_core-2.16.3-cp310-cp310-manylinux_2_17_armv7l.manylinux2014_armv7l.whl", hash = "sha256:2f583bd01bbfbff4eaee0868e6fc607efdfcc2b03c1c766b06a707abbc856187"},
    {file = "pydantic_core-2.16.3-cp310-cp310-manylinux_2_17_ppc64le.manylinux2014_ppc64le.whl", hash = "sha256:b926dd38db1519ed3043a4de50214e0d600d404099c3392f098a7f9d75029ff8"},
    {file = "pydantic_core-2.16.3-cp310-cp310-manylinux_2_17_s390x.manylinux2014_s390x.whl", hash = "sha256:716b542728d4c742353448765aa7cdaa519a7b82f9564130e2b3f6766018c9ec"},
    {file = "pydantic_core-2.16.3-cp310-cp310-manylinux_2_17_x86_64.manylinux2014_x86_64.whl", hash = "sha256:fc4ad7f7ee1a13d9cb49d8198cd7d7e3aa93e425f371a68235f784e99741561f"},
    {file = "pydantic_core-2.16.3-cp310-cp310-manylinux_2_5_i686.manylinux1_i686.whl", hash = "sha256:bd87f48924f360e5d1c5f770d6155ce0e7d83f7b4e10c2f9ec001c73cf475c99"},
    {file = "pydantic_core-2.16.3-cp310-cp310-musllinux_1_1_aarch64.whl", hash = "sha256:0df446663464884297c793874573549229f9eca73b59360878f382a0fc085979"},
    {file = "pydantic_core-2.16.3-cp310-cp310-musllinux_1_1_x86_64.whl", hash = "sha256:4df8a199d9f6afc5ae9a65f8f95ee52cae389a8c6b20163762bde0426275b7db"},
    {file = "pydantic_core-2.16.3-cp310-none-win32.whl", hash = "sha256:456855f57b413f077dff513a5a28ed838dbbb15082ba00f80750377eed23d132"},
    {file = "pydantic_core-2.16.3-cp310-none-win_amd64.whl", hash = "sha256:732da3243e1b8d3eab8c6ae23ae6a58548849d2e4a4e03a1924c8ddf71a387cb"},
    {file = "pydantic_core-2.16.3-cp311-cp311-macosx_10_12_x86_64.whl", hash = "sha256:519ae0312616026bf4cedc0fe459e982734f3ca82ee8c7246c19b650b60a5ee4"},
    {file = "pydantic_core-2.16.3-cp311-cp311-macosx_11_0_arm64.whl", hash = "sha256:b3992a322a5617ded0a9f23fd06dbc1e4bd7cf39bc4ccf344b10f80af58beacd"},
    {file = "pydantic_core-2.16.3-cp311-cp311-manylinux_2_17_aarch64.manylinux2014_aarch64.whl", hash = "sha256:8d62da299c6ecb04df729e4b5c52dc0d53f4f8430b4492b93aa8de1f541c4aac"},
    {file = "pydantic_core-2.16.3-cp311-cp311-manylinux_2_17_armv7l.manylinux2014_armv7l.whl", hash = "sha256:2acca2be4bb2f2147ada8cac612f8a98fc09f41c89f87add7256ad27332c2fda"},
    {file = "pydantic_core-2.16.3-cp311-cp311-manylinux_2_17_ppc64le.manylinux2014_ppc64le.whl", hash = "sha256:1b662180108c55dfbf1280d865b2d116633d436cfc0bba82323554873967b340"},
    {file = "pydantic_core-2.16.3-cp311-cp311-manylinux_2_17_s390x.manylinux2014_s390x.whl", hash = "sha256:e7c6ed0dc9d8e65f24f5824291550139fe6f37fac03788d4580da0d33bc00c97"},
    {file = "pydantic_core-2.16.3-cp311-cp311-manylinux_2_17_x86_64.manylinux2014_x86_64.whl", hash = "sha256:a6b1bb0827f56654b4437955555dc3aeeebeddc47c2d7ed575477f082622c49e"},
    {file = "pydantic_core-2.16.3-cp311-cp311-manylinux_2_5_i686.manylinux1_i686.whl", hash = "sha256:e56f8186d6210ac7ece503193ec84104da7ceb98f68ce18c07282fcc2452e76f"},
    {file = "pydantic_core-2.16.3-cp311-cp311-musllinux_1_1_aarch64.whl", hash = "sha256:936e5db01dd49476fa8f4383c259b8b1303d5dd5fb34c97de194560698cc2c5e"},
    {file = "pydantic_core-2.16.3-cp311-cp311-musllinux_1_1_x86_64.whl", hash = "sha256:33809aebac276089b78db106ee692bdc9044710e26f24a9a2eaa35a0f9fa70ba"},
    {file = "pydantic_core-2.16.3-cp311-none-win32.whl", hash = "sha256:ded1c35f15c9dea16ead9bffcde9bb5c7c031bff076355dc58dcb1cb436c4721"},
    {file = "pydantic_core-2.16.3-cp311-none-win_amd64.whl", hash = "sha256:d89ca19cdd0dd5f31606a9329e309d4fcbb3df860960acec32630297d61820df"},
    {file = "pydantic_core-2.16.3-cp311-none-win_arm64.whl", hash = "sha256:6162f8d2dc27ba21027f261e4fa26f8bcb3cf9784b7f9499466a311ac284b5b9"},
    {file = "pydantic_core-2.16.3-cp312-cp312-macosx_10_12_x86_64.whl", hash = "sha256:0f56ae86b60ea987ae8bcd6654a887238fd53d1384f9b222ac457070b7ac4cff"},
    {file = "pydantic_core-2.16.3-cp312-cp312-macosx_11_0_arm64.whl", hash = "sha256:c9bd22a2a639e26171068f8ebb5400ce2c1bc7d17959f60a3b753ae13c632975"},
    {file = "pydantic_core-2.16.3-cp312-cp312-manylinux_2_17_aarch64.manylinux2014_aarch64.whl", hash = "sha256:4204e773b4b408062960e65468d5346bdfe139247ee5f1ca2a378983e11388a2"},
    {file = "pydantic_core-2.16.3-cp312-cp312-manylinux_2_17_armv7l.manylinux2014_armv7l.whl", hash = "sha256:f651dd19363c632f4abe3480a7c87a9773be27cfe1341aef06e8759599454120"},
    {file = "pydantic_core-2.16.3-cp312-cp312-manylinux_2_17_ppc64le.manylinux2014_ppc64le.whl", hash = "sha256:aaf09e615a0bf98d406657e0008e4a8701b11481840be7d31755dc9f97c44053"},
    {file = "pydantic_core-2.16.3-cp312-cp312-manylinux_2_17_s390x.manylinux2014_s390x.whl", hash = "sha256:8e47755d8152c1ab5b55928ab422a76e2e7b22b5ed8e90a7d584268dd49e9c6b"},
    {file = "pydantic_core-2.16.3-cp312-cp312-manylinux_2_17_x86_64.manylinux2014_x86_64.whl", hash = "sha256:500960cb3a0543a724a81ba859da816e8cf01b0e6aaeedf2c3775d12ee49cade"},
    {file = "pydantic_core-2.16.3-cp312-cp312-manylinux_2_5_i686.manylinux1_i686.whl", hash = "sha256:cf6204fe865da605285c34cf1172879d0314ff267b1c35ff59de7154f35fdc2e"},
    {file = "pydantic_core-2.16.3-cp312-cp312-musllinux_1_1_aarch64.whl", hash = "sha256:d33dd21f572545649f90c38c227cc8631268ba25c460b5569abebdd0ec5974ca"},
    {file = "pydantic_core-2.16.3-cp312-cp312-musllinux_1_1_x86_64.whl", hash = "sha256:49d5d58abd4b83fb8ce763be7794d09b2f50f10aa65c0f0c1696c677edeb7cbf"},
    {file = "pydantic_core-2.16.3-cp312-none-win32.whl", hash = "sha256:f53aace168a2a10582e570b7736cc5bef12cae9cf21775e3eafac597e8551fbe"},
    {file = "pydantic_core-2.16.3-cp312-none-win_amd64.whl", hash = "sha256:0d32576b1de5a30d9a97f300cc6a3f4694c428d956adbc7e6e2f9cad279e45ed"},
    {file = "pydantic_core-2.16.3-cp312-none-win_arm64.whl", hash = "sha256:ec08be75bb268473677edb83ba71e7e74b43c008e4a7b1907c6d57e940bf34b6"},
    {file = "pydantic_core-2.16.3-cp38-cp38-macosx_10_12_x86_64.whl", hash = "sha256:b1f6f5938d63c6139860f044e2538baeee6f0b251a1816e7adb6cbce106a1f01"},
    {file = "pydantic_core-2.16.3-cp38-cp38-macosx_11_0_arm64.whl", hash = "sha256:2a1ef6a36fdbf71538142ed604ad19b82f67b05749512e47f247a6ddd06afdc7"},
    {file = "pydantic_core-2.16.3-cp38-cp38-manylinux_2_17_aarch64.manylinux2014_aarch64.whl", hash = "sha256:704d35ecc7e9c31d48926150afada60401c55efa3b46cd1ded5a01bdffaf1d48"},
    {file = "pydantic_core-2.16.3-cp38-cp38-manylinux_2_17_armv7l.manylinux2014_armv7l.whl", hash = "sha256:d937653a696465677ed583124b94a4b2d79f5e30b2c46115a68e482c6a591c8a"},
    {file = "pydantic_core-2.16.3-cp38-cp38-manylinux_2_17_ppc64le.manylinux2014_ppc64le.whl", hash = "sha256:c9803edf8e29bd825f43481f19c37f50d2b01899448273b3a7758441b512acf8"},
    {file = "pydantic_core-2.16.3-cp38-cp38-manylinux_2_17_s390x.manylinux2014_s390x.whl", hash = "sha256:72282ad4892a9fb2da25defeac8c2e84352c108705c972db82ab121d15f14e6d"},
    {file = "pydantic_core-2.16.3-cp38-cp38-manylinux_2_17_x86_64.manylinux2014_x86_64.whl", hash = "sha256:7f752826b5b8361193df55afcdf8ca6a57d0232653494ba473630a83ba50d8c9"},
    {file = "pydantic_core-2.16.3-cp38-cp38-manylinux_2_5_i686.manylinux1_i686.whl", hash = "sha256:4384a8f68ddb31a0b0c3deae88765f5868a1b9148939c3f4121233314ad5532c"},
    {file = "pydantic_core-2.16.3-cp38-cp38-musllinux_1_1_aarch64.whl", hash = "sha256:a4b2bf78342c40b3dc830880106f54328928ff03e357935ad26c7128bbd66ce8"},
    {file = "pydantic_core-2.16.3-cp38-cp38-musllinux_1_1_x86_64.whl", hash = "sha256:13dcc4802961b5f843a9385fc821a0b0135e8c07fc3d9949fd49627c1a5e6ae5"},
    {file = "pydantic_core-2.16.3-cp38-none-win32.whl", hash = "sha256:e3e70c94a0c3841e6aa831edab1619ad5c511199be94d0c11ba75fe06efe107a"},
    {file = "pydantic_core-2.16.3-cp38-none-win_amd64.whl", hash = "sha256:ecdf6bf5f578615f2e985a5e1f6572e23aa632c4bd1dc67f8f406d445ac115ed"},
    {file = "pydantic_core-2.16.3-cp39-cp39-macosx_10_12_x86_64.whl", hash = "sha256:bda1ee3e08252b8d41fa5537413ffdddd58fa73107171a126d3b9ff001b9b820"},
    {file = "pydantic_core-2.16.3-cp39-cp39-macosx_11_0_arm64.whl", hash = "sha256:21b888c973e4f26b7a96491c0965a8a312e13be108022ee510248fe379a5fa23"},
    {file = "pydantic_core-2.16.3-cp39-cp39-manylinux_2_17_aarch64.manylinux2014_aarch64.whl", hash = "sha256:be0ec334369316fa73448cc8c982c01e5d2a81c95969d58b8f6e272884df0074"},
    {file = "pydantic_core-2.16.3-cp39-cp39-manylinux_2_17_armv7l.manylinux2014_armv7l.whl", hash = "sha256:b5b6079cc452a7c53dd378c6f881ac528246b3ac9aae0f8eef98498a75657805"},
    {file = "pydantic_core-2.16.3-cp39-cp39-manylinux_2_17_ppc64le.manylinux2014_ppc64le.whl", hash = "sha256:7ee8d5f878dccb6d499ba4d30d757111847b6849ae07acdd1205fffa1fc1253c"},
    {file = "pydantic_core-2.16.3-cp39-cp39-manylinux_2_17_s390x.manylinux2014_s390x.whl", hash = "sha256:7233d65d9d651242a68801159763d09e9ec96e8a158dbf118dc090cd77a104c9"},
    {file = "pydantic_core-2.16.3-cp39-cp39-manylinux_2_17_x86_64.manylinux2014_x86_64.whl", hash = "sha256:c6119dc90483a5cb50a1306adb8d52c66e447da88ea44f323e0ae1a5fcb14256"},
    {file = "pydantic_core-2.16.3-cp39-cp39-manylinux_2_5_i686.manylinux1_i686.whl", hash = "sha256:578114bc803a4c1ff9946d977c221e4376620a46cf78da267d946397dc9514a8"},
    {file = "pydantic_core-2.16.3-cp39-cp39-musllinux_1_1_aarch64.whl", hash = "sha256:d8f99b147ff3fcf6b3cc60cb0c39ea443884d5559a30b1481e92495f2310ff2b"},
    {file = "pydantic_core-2.16.3-cp39-cp39-musllinux_1_1_x86_64.whl", hash = "sha256:4ac6b4ce1e7283d715c4b729d8f9dab9627586dafce81d9eaa009dd7f25dd972"},
    {file = "pydantic_core-2.16.3-cp39-none-win32.whl", hash = "sha256:e7774b570e61cb998490c5235740d475413a1f6de823169b4cf94e2fe9e9f6b2"},
    {file = "pydantic_core-2.16.3-cp39-none-win_amd64.whl", hash = "sha256:9091632a25b8b87b9a605ec0e61f241c456e9248bfdcf7abdf344fdb169c81cf"},
    {file = "pydantic_core-2.16.3-pp310-pypy310_pp73-macosx_10_12_x86_64.whl", hash = "sha256:36fa178aacbc277bc6b62a2c3da95226520da4f4e9e206fdf076484363895d2c"},
    {file = "pydantic_core-2.16.3-pp310-pypy310_pp73-macosx_11_0_arm64.whl", hash = "sha256:dcca5d2bf65c6fb591fff92da03f94cd4f315972f97c21975398bd4bd046854a"},
    {file = "pydantic_core-2.16.3-pp310-pypy310_pp73-manylinux_2_17_aarch64.manylinux2014_aarch64.whl", hash = "sha256:2a72fb9963cba4cd5793854fd12f4cfee731e86df140f59ff52a49b3552db241"},
    {file = "pydantic_core-2.16.3-pp310-pypy310_pp73-manylinux_2_17_x86_64.manylinux2014_x86_64.whl", hash = "sha256:b60cc1a081f80a2105a59385b92d82278b15d80ebb3adb200542ae165cd7d183"},
    {file = "pydantic_core-2.16.3-pp310-pypy310_pp73-manylinux_2_5_i686.manylinux1_i686.whl", hash = "sha256:cbcc558401de90a746d02ef330c528f2e668c83350f045833543cd57ecead1ad"},
    {file = "pydantic_core-2.16.3-pp310-pypy310_pp73-musllinux_1_1_aarch64.whl", hash = "sha256:fee427241c2d9fb7192b658190f9f5fd6dfe41e02f3c1489d2ec1e6a5ab1e04a"},
    {file = "pydantic_core-2.16.3-pp310-pypy310_pp73-musllinux_1_1_x86_64.whl", hash = "sha256:f4cb85f693044e0f71f394ff76c98ddc1bc0953e48c061725e540396d5c8a2e1"},
    {file = "pydantic_core-2.16.3-pp310-pypy310_pp73-win_amd64.whl", hash = "sha256:b29eeb887aa931c2fcef5aa515d9d176d25006794610c264ddc114c053bf96fe"},
    {file = "pydantic_core-2.16.3-pp39-pypy39_pp73-macosx_10_12_x86_64.whl", hash = "sha256:a425479ee40ff021f8216c9d07a6a3b54b31c8267c6e17aa88b70d7ebd0e5e5b"},
    {file = "pydantic_core-2.16.3-pp39-pypy39_pp73-macosx_11_0_arm64.whl", hash = "sha256:5c5cbc703168d1b7a838668998308018a2718c2130595e8e190220238addc96f"},
    {file = "pydantic_core-2.16.3-pp39-pypy39_pp73-manylinux_2_17_aarch64.manylinux2014_aarch64.whl", hash = "sha256:99b6add4c0b39a513d323d3b93bc173dac663c27b99860dd5bf491b240d26137"},
    {file = "pydantic_core-2.16.3-pp39-pypy39_pp73-manylinux_2_17_x86_64.manylinux2014_x86_64.whl", hash = "sha256:75f76ee558751746d6a38f89d60b6228fa174e5172d143886af0f85aa306fd89"},
    {file = "pydantic_core-2.16.3-pp39-pypy39_pp73-manylinux_2_5_i686.manylinux1_i686.whl", hash = "sha256:00ee1c97b5364b84cb0bd82e9bbf645d5e2871fb8c58059d158412fee2d33d8a"},
    {file = "pydantic_core-2.16.3-pp39-pypy39_pp73-musllinux_1_1_aarch64.whl", hash = "sha256:287073c66748f624be4cef893ef9174e3eb88fe0b8a78dc22e88eca4bc357ca6"},
    {file = "pydantic_core-2.16.3-pp39-pypy39_pp73-musllinux_1_1_x86_64.whl", hash = "sha256:ed25e1835c00a332cb10c683cd39da96a719ab1dfc08427d476bce41b92531fc"},
    {file = "pydantic_core-2.16.3-pp39-pypy39_pp73-win_amd64.whl", hash = "sha256:86b3d0033580bd6bbe07590152007275bd7af95f98eaa5bd36f3da219dcd93da"},
    {file = "pydantic_core-2.16.3.tar.gz", hash = "sha256:1cac689f80a3abab2d3c0048b29eea5751114054f032a941a32de4c852c59cad"},
]

[package.dependencies]
typing-extensions = ">=4.6.0,<4.7.0 || >4.7.0"

[[package]]
name = "python-dateutil"
version = "2.9.0.post0"
description = "Extensions to the standard Python datetime module"
optional = false
python-versions = "!=3.0.*,!=3.1.*,!=3.2.*,>=2.7"
files = [
    {file = "python-dateutil-2.9.0.post0.tar.gz", hash = "sha256:37dd54208da7e1cd875388217d5e00ebd4179249f90fb72437e91a35459a0ad3"},
    {file = "python_dateutil-2.9.0.post0-py2.py3-none-any.whl", hash = "sha256:a8b2bc7bffae282281c8140a97d3aa9c14da0b136dfe83f850eea9a5f7470427"},
]

[package.dependencies]
six = ">=1.5"

[[package]]
name = "python-dotenv"
version = "1.0.1"
description = "Read key-value pairs from a .env file and set them as environment variables"
optional = false
python-versions = ">=3.8"
files = [
    {file = "python-dotenv-1.0.1.tar.gz", hash = "sha256:e324ee90a023d808f1959c46bcbc04446a10ced277783dc6ee09987c37ec10ca"},
    {file = "python_dotenv-1.0.1-py3-none-any.whl", hash = "sha256:f7b63ef50f1b690dddf550d03497b66d609393b40b564ed0d674909a68ebf16a"},
]

[package.extras]
cli = ["click (>=5.0)"]

[[package]]
name = "pyyaml"
version = "6.0.1"
description = "YAML parser and emitter for Python"
optional = false
python-versions = ">=3.6"
files = [
    {file = "PyYAML-6.0.1-cp310-cp310-macosx_10_9_x86_64.whl", hash = "sha256:d858aa552c999bc8a8d57426ed01e40bef403cd8ccdd0fc5f6f04a00414cac2a"},
    {file = "PyYAML-6.0.1-cp310-cp310-macosx_11_0_arm64.whl", hash = "sha256:fd66fc5d0da6d9815ba2cebeb4205f95818ff4b79c3ebe268e75d961704af52f"},
    {file = "PyYAML-6.0.1-cp310-cp310-manylinux_2_17_aarch64.manylinux2014_aarch64.whl", hash = "sha256:69b023b2b4daa7548bcfbd4aa3da05b3a74b772db9e23b982788168117739938"},
    {file = "PyYAML-6.0.1-cp310-cp310-manylinux_2_17_s390x.manylinux2014_s390x.whl", hash = "sha256:81e0b275a9ecc9c0c0c07b4b90ba548307583c125f54d5b6946cfee6360c733d"},
    {file = "PyYAML-6.0.1-cp310-cp310-manylinux_2_17_x86_64.manylinux2014_x86_64.whl", hash = "sha256:ba336e390cd8e4d1739f42dfe9bb83a3cc2e80f567d8805e11b46f4a943f5515"},
    {file = "PyYAML-6.0.1-cp310-cp310-musllinux_1_1_x86_64.whl", hash = "sha256:326c013efe8048858a6d312ddd31d56e468118ad4cdeda36c719bf5bb6192290"},
    {file = "PyYAML-6.0.1-cp310-cp310-win32.whl", hash = "sha256:bd4af7373a854424dabd882decdc5579653d7868b8fb26dc7d0e99f823aa5924"},
    {file = "PyYAML-6.0.1-cp310-cp310-win_amd64.whl", hash = "sha256:fd1592b3fdf65fff2ad0004b5e363300ef59ced41c2e6b3a99d4089fa8c5435d"},
    {file = "PyYAML-6.0.1-cp311-cp311-macosx_10_9_x86_64.whl", hash = "sha256:6965a7bc3cf88e5a1c3bd2e0b5c22f8d677dc88a455344035f03399034eb3007"},
    {file = "PyYAML-6.0.1-cp311-cp311-macosx_11_0_arm64.whl", hash = "sha256:f003ed9ad21d6a4713f0a9b5a7a0a79e08dd0f221aff4525a2be4c346ee60aab"},
    {file = "PyYAML-6.0.1-cp311-cp311-manylinux_2_17_aarch64.manylinux2014_aarch64.whl", hash = "sha256:42f8152b8dbc4fe7d96729ec2b99c7097d656dc1213a3229ca5383f973a5ed6d"},
    {file = "PyYAML-6.0.1-cp311-cp311-manylinux_2_17_s390x.manylinux2014_s390x.whl", hash = "sha256:062582fca9fabdd2c8b54a3ef1c978d786e0f6b3a1510e0ac93ef59e0ddae2bc"},
    {file = "PyYAML-6.0.1-cp311-cp311-manylinux_2_17_x86_64.manylinux2014_x86_64.whl", hash = "sha256:d2b04aac4d386b172d5b9692e2d2da8de7bfb6c387fa4f801fbf6fb2e6ba4673"},
    {file = "PyYAML-6.0.1-cp311-cp311-musllinux_1_1_x86_64.whl", hash = "sha256:e7d73685e87afe9f3b36c799222440d6cf362062f78be1013661b00c5c6f678b"},
    {file = "PyYAML-6.0.1-cp311-cp311-win32.whl", hash = "sha256:1635fd110e8d85d55237ab316b5b011de701ea0f29d07611174a1b42f1444741"},
    {file = "PyYAML-6.0.1-cp311-cp311-win_amd64.whl", hash = "sha256:bf07ee2fef7014951eeb99f56f39c9bb4af143d8aa3c21b1677805985307da34"},
    {file = "PyYAML-6.0.1-cp312-cp312-macosx_10_9_x86_64.whl", hash = "sha256:855fb52b0dc35af121542a76b9a84f8d1cd886ea97c84703eaa6d88e37a2ad28"},
    {file = "PyYAML-6.0.1-cp312-cp312-macosx_11_0_arm64.whl", hash = "sha256:40df9b996c2b73138957fe23a16a4f0ba614f4c0efce1e9406a184b6d07fa3a9"},
    {file = "PyYAML-6.0.1-cp312-cp312-manylinux_2_17_aarch64.manylinux2014_aarch64.whl", hash = "sha256:a08c6f0fe150303c1c6b71ebcd7213c2858041a7e01975da3a99aed1e7a378ef"},
    {file = "PyYAML-6.0.1-cp312-cp312-manylinux_2_17_x86_64.manylinux2014_x86_64.whl", hash = "sha256:6c22bec3fbe2524cde73d7ada88f6566758a8f7227bfbf93a408a9d86bcc12a0"},
    {file = "PyYAML-6.0.1-cp312-cp312-musllinux_1_1_x86_64.whl", hash = "sha256:8d4e9c88387b0f5c7d5f281e55304de64cf7f9c0021a3525bd3b1c542da3b0e4"},
    {file = "PyYAML-6.0.1-cp312-cp312-win32.whl", hash = "sha256:d483d2cdf104e7c9fa60c544d92981f12ad66a457afae824d146093b8c294c54"},
    {file = "PyYAML-6.0.1-cp312-cp312-win_amd64.whl", hash = "sha256:0d3304d8c0adc42be59c5f8a4d9e3d7379e6955ad754aa9d6ab7a398b59dd1df"},
    {file = "PyYAML-6.0.1-cp36-cp36m-macosx_10_9_x86_64.whl", hash = "sha256:50550eb667afee136e9a77d6dc71ae76a44df8b3e51e41b77f6de2932bfe0f47"},
    {file = "PyYAML-6.0.1-cp36-cp36m-manylinux_2_17_aarch64.manylinux2014_aarch64.whl", hash = "sha256:1fe35611261b29bd1de0070f0b2f47cb6ff71fa6595c077e42bd0c419fa27b98"},
    {file = "PyYAML-6.0.1-cp36-cp36m-manylinux_2_17_s390x.manylinux2014_s390x.whl", hash = "sha256:704219a11b772aea0d8ecd7058d0082713c3562b4e271b849ad7dc4a5c90c13c"},
    {file = "PyYAML-6.0.1-cp36-cp36m-manylinux_2_17_x86_64.manylinux2014_x86_64.whl", hash = "sha256:afd7e57eddb1a54f0f1a974bc4391af8bcce0b444685d936840f125cf046d5bd"},
    {file = "PyYAML-6.0.1-cp36-cp36m-win32.whl", hash = "sha256:fca0e3a251908a499833aa292323f32437106001d436eca0e6e7833256674585"},
    {file = "PyYAML-6.0.1-cp36-cp36m-win_amd64.whl", hash = "sha256:f22ac1c3cac4dbc50079e965eba2c1058622631e526bd9afd45fedd49ba781fa"},
    {file = "PyYAML-6.0.1-cp37-cp37m-macosx_10_9_x86_64.whl", hash = "sha256:b1275ad35a5d18c62a7220633c913e1b42d44b46ee12554e5fd39c70a243d6a3"},
    {file = "PyYAML-6.0.1-cp37-cp37m-manylinux_2_17_aarch64.manylinux2014_aarch64.whl", hash = "sha256:18aeb1bf9a78867dc38b259769503436b7c72f7a1f1f4c93ff9a17de54319b27"},
    {file = "PyYAML-6.0.1-cp37-cp37m-manylinux_2_17_s390x.manylinux2014_s390x.whl", hash = "sha256:596106435fa6ad000c2991a98fa58eeb8656ef2325d7e158344fb33864ed87e3"},
    {file = "PyYAML-6.0.1-cp37-cp37m-manylinux_2_17_x86_64.manylinux2014_x86_64.whl", hash = "sha256:baa90d3f661d43131ca170712d903e6295d1f7a0f595074f151c0aed377c9b9c"},
    {file = "PyYAML-6.0.1-cp37-cp37m-win32.whl", hash = "sha256:9046c58c4395dff28dd494285c82ba00b546adfc7ef001486fbf0324bc174fba"},
    {file = "PyYAML-6.0.1-cp37-cp37m-win_amd64.whl", hash = "sha256:4fb147e7a67ef577a588a0e2c17b6db51dda102c71de36f8549b6816a96e1867"},
    {file = "PyYAML-6.0.1-cp38-cp38-macosx_10_9_x86_64.whl", hash = "sha256:1d4c7e777c441b20e32f52bd377e0c409713e8bb1386e1099c2415f26e479595"},
    {file = "PyYAML-6.0.1-cp38-cp38-manylinux_2_17_aarch64.manylinux2014_aarch64.whl", hash = "sha256:a0cd17c15d3bb3fa06978b4e8958dcdc6e0174ccea823003a106c7d4d7899ac5"},
    {file = "PyYAML-6.0.1-cp38-cp38-manylinux_2_17_s390x.manylinux2014_s390x.whl", hash = "sha256:28c119d996beec18c05208a8bd78cbe4007878c6dd15091efb73a30e90539696"},
    {file = "PyYAML-6.0.1-cp38-cp38-manylinux_2_17_x86_64.manylinux2014_x86_64.whl", hash = "sha256:7e07cbde391ba96ab58e532ff4803f79c4129397514e1413a7dc761ccd755735"},
    {file = "PyYAML-6.0.1-cp38-cp38-musllinux_1_1_x86_64.whl", hash = "sha256:49a183be227561de579b4a36efbb21b3eab9651dd81b1858589f796549873dd6"},
    {file = "PyYAML-6.0.1-cp38-cp38-win32.whl", hash = "sha256:184c5108a2aca3c5b3d3bf9395d50893a7ab82a38004c8f61c258d4428e80206"},
    {file = "PyYAML-6.0.1-cp38-cp38-win_amd64.whl", hash = "sha256:1e2722cc9fbb45d9b87631ac70924c11d3a401b2d7f410cc0e3bbf249f2dca62"},
    {file = "PyYAML-6.0.1-cp39-cp39-macosx_10_9_x86_64.whl", hash = "sha256:9eb6caa9a297fc2c2fb8862bc5370d0303ddba53ba97e71f08023b6cd73d16a8"},
    {file = "PyYAML-6.0.1-cp39-cp39-macosx_11_0_arm64.whl", hash = "sha256:c8098ddcc2a85b61647b2590f825f3db38891662cfc2fc776415143f599bb859"},
    {file = "PyYAML-6.0.1-cp39-cp39-manylinux_2_17_aarch64.manylinux2014_aarch64.whl", hash = "sha256:5773183b6446b2c99bb77e77595dd486303b4faab2b086e7b17bc6bef28865f6"},
    {file = "PyYAML-6.0.1-cp39-cp39-manylinux_2_17_s390x.manylinux2014_s390x.whl", hash = "sha256:b786eecbdf8499b9ca1d697215862083bd6d2a99965554781d0d8d1ad31e13a0"},
    {file = "PyYAML-6.0.1-cp39-cp39-manylinux_2_17_x86_64.manylinux2014_x86_64.whl", hash = "sha256:bc1bf2925a1ecd43da378f4db9e4f799775d6367bdb94671027b73b393a7c42c"},
    {file = "PyYAML-6.0.1-cp39-cp39-musllinux_1_1_x86_64.whl", hash = "sha256:04ac92ad1925b2cff1db0cfebffb6ffc43457495c9b3c39d3fcae417d7125dc5"},
    {file = "PyYAML-6.0.1-cp39-cp39-win32.whl", hash = "sha256:faca3bdcf85b2fc05d06ff3fbc1f83e1391b3e724afa3feba7d13eeab355484c"},
    {file = "PyYAML-6.0.1-cp39-cp39-win_amd64.whl", hash = "sha256:510c9deebc5c0225e8c96813043e62b680ba2f9c50a08d3724c7f28a747d1486"},
    {file = "PyYAML-6.0.1.tar.gz", hash = "sha256:bfdf460b1736c775f2ba9f6a92bca30bc2095067b8a9d77876d1fad6cc3b4a43"},
]

[[package]]
name = "setuptools"
version = "69.2.0"
description = "Easily download, build, install, upgrade, and uninstall Python packages"
optional = false
python-versions = ">=3.8"
files = [
    {file = "setuptools-69.2.0-py3-none-any.whl", hash = "sha256:c21c49fb1042386df081cb5d86759792ab89efca84cf114889191cd09aacc80c"},
    {file = "setuptools-69.2.0.tar.gz", hash = "sha256:0ff4183f8f42cd8fa3acea16c45205521a4ef28f73c6391d8a25e92893134f2e"},
]

[package.extras]
docs = ["furo", "jaraco.packaging (>=9.3)", "jaraco.tidelift (>=1.4)", "pygments-github-lexers (==0.0.5)", "rst.linker (>=1.9)", "sphinx (<7.2.5)", "sphinx (>=3.5)", "sphinx-favicon", "sphinx-inline-tabs", "sphinx-lint", "sphinx-notfound-page (>=1,<2)", "sphinx-reredirects", "sphinxcontrib-towncrier"]
testing = ["build[virtualenv]", "filelock (>=3.4.0)", "importlib-metadata", "ini2toml[lite] (>=0.9)", "jaraco.develop (>=7.21)", "jaraco.envs (>=2.2)", "jaraco.path (>=3.2.0)", "mypy (==1.9)", "packaging (>=23.2)", "pip (>=19.1)", "pytest (>=6)", "pytest-checkdocs (>=2.4)", "pytest-cov", "pytest-enabler (>=2.2)", "pytest-home (>=0.5)", "pytest-mypy (>=0.9.1)", "pytest-perf", "pytest-ruff (>=0.2.1)", "pytest-timeout", "pytest-xdist (>=3)", "tomli", "tomli-w (>=1.0.0)", "virtualenv (>=13.0.0)", "wheel"]
testing-integration = ["build[virtualenv] (>=1.0.3)", "filelock (>=3.4.0)", "jaraco.envs (>=2.2)", "jaraco.path (>=3.2.0)", "packaging (>=23.2)", "pytest", "pytest-enabler", "pytest-xdist", "tomli", "virtualenv (>=13.0.0)", "wheel"]

[[package]]
name = "six"
version = "1.16.0"
description = "Python 2 and 3 compatibility utilities"
optional = false
python-versions = ">=2.7, !=3.0.*, !=3.1.*, !=3.2.*"
files = [
    {file = "six-1.16.0-py2.py3-none-any.whl", hash = "sha256:8abb2f1d86890a2dfb989f9a77cfcfd3e47c2a354b01111771326f8aa26e0254"},
    {file = "six-1.16.0.tar.gz", hash = "sha256:1e61c37477a1626458e36f7b1d82aa5c9b094fa4802892072e49de9c60c4c926"},
]

[[package]]
name = "typing-extensions"
version = "4.10.0"
description = "Backported and Experimental Type Hints for Python 3.8+"
optional = false
python-versions = ">=3.8"
files = [
    {file = "typing_extensions-4.10.0-py3-none-any.whl", hash = "sha256:69b1a937c3a517342112fb4c6df7e72fc39a38e7891a5730ed4985b5214b5475"},
    {file = "typing_extensions-4.10.0.tar.gz", hash = "sha256:b0abd7c89e8fb96f98db18d86106ff1d90ab692004eb746cf6eda2682f91b3cb"},
]

[[package]]
name = "urllib3"
version = "2.2.1"
description = "HTTP library with thread-safe connection pooling, file post, and more."
optional = false
python-versions = ">=3.8"
files = [
    {file = "urllib3-2.2.1-py3-none-any.whl", hash = "sha256:450b20ec296a467077128bff42b73080516e71b56ff59a60a02bef2232c4fa9d"},
    {file = "urllib3-2.2.1.tar.gz", hash = "sha256:d0570876c61ab9e520d776c38acbbb5b05a776d3f9ff98a5c8fd5162a444cf19"},
]

[package.extras]
brotli = ["brotli (>=1.0.9)", "brotlicffi (>=0.8.0)"]
h2 = ["h2 (>=4,<5)"]
socks = ["pysocks (>=1.5.6,!=1.5.7,<2.0)"]
zstd = ["zstandard (>=0.18.0)"]

[[package]]
name = "win32-setctime"
version = "1.1.0"
description = "A small Python utility to set file creation time on Windows"
optional = false
python-versions = ">=3.5"
files = [
    {file = "win32_setctime-1.1.0-py3-none-any.whl", hash = "sha256:231db239e959c2fe7eb1d7dc129f11172354f98361c4fa2d6d2d7e278baa8aad"},
    {file = "win32_setctime-1.1.0.tar.gz", hash = "sha256:15cf5750465118d6929ae4de4eb46e8edae9a5634350c01ba582df868e932cb2"},
]

[package.extras]
dev = ["black (>=19.3b0)", "pytest (>=4.6.2)"]

[metadata]
lock-version = "2.0"
python-versions = "^3.8"
content-hash = "10420e142797ebefcc6ee81bca4fb22793f9d6d86b48e65445dd4fb1cd491f19"
