name: load-deadlock
on:
  workflow_dispatch:

jobs:
  load-deadlock:
    runs-on: ubicloud-standard-8
    timeout-minutes: 30
    strategy:
      matrix:
        migrate-strategy: ["latest"]
        rabbitmq-enabled: ["true"]
        pg-version: ["17-alpine"]
        optimistic-scheduling: ["true", "false"]

    steps:
      - uses: actions/checkout@df4cb1c069e1874edd31b4311f1884172cec0e10 # v6.0.3

      - name: Install Task
        uses: arduino/setup-task@b91d5d2c96a56797b48ac1e0e89220bf64044611 # v2.0.0
        with:
          repo-token: ${{ secrets.GITHUB_TOKEN }}

      - name: Setup Go
        uses: actions/setup-go@4a3601121dd01d1626a1e23e37211e3254c1c06c # v6.4.0
        with:
          go-version: "1.26"

      - name: Setup pnpm
        uses: pnpm/action-setup@fc06bc1257f339d1d5d8b3a19a8cae5388b55320 # v5.0.0
        with:
          version: 10.16.1
          run_install: false

      - name: Go deps
        run: go mod download

      - name: Add go-deadlock dependency
        run: go get github.com/sasha-s/go-deadlock@v0.3.6

      - name: Patch sync.Mutex/RWMutex to use go-deadlock
        shell: bash
        run: |
          set -euo pipefail

          # Find only files that actually use sync.Mutex or sync.RWMutex.
          grep -rl --include='*.go' -E 'sync\.(RW)?Mutex' . | grep -v '/vendor/' > /tmp/mutex_files.txt || true

          if [ ! -s /tmp/mutex_files.txt ]; then
            echo "No files with sync.Mutex or sync.RWMutex found"
            exit 0
          fi

          echo "Patching $(wc -l < /tmp/mutex_files.txt) file(s):"
          cat /tmp/mutex_files.txt

          while IFS= read -r f; do
            # Rewrite type references. RWMutex first so its 'Mutex' suffix isn't clobbered.
            sed -i'' -E \
              -e 's/sync\.RWMutex/deadlocksync.RWMutex/g' \
              -e 's/sync\.Mutex/deadlocksync.Mutex/g' \
              "$f"

            # \bsync\. won't match inside "deadlocksync.", so this correctly detects
            # remaining usages of other sync primitives (WaitGroup, Once, Map, etc.).
            if grep -qE '\bsync\.' "$f"; then
              # File still needs the sync package; insert deadlocksync import alongside it.
              awk '
                /^\t"sync"$/ { print; print "\tdeadlocksync \"github.com/sasha-s/go-deadlock\""; next }
                { print }
              ' "$f" > "${f}.tmp" && mv "${f}.tmp" "$f"
            else
              # sync package no longer needed; replace its import with the deadlocksync alias.
              sed -i'' \
                -e 's|^\t"sync"$|\tdeadlocksync "github.com/sasha-s/go-deadlock"|' \
                -e 's|^import "sync"$|import deadlocksync "github.com/sasha-s/go-deadlock"|' \
                "$f"
            fi
          done < /tmp/mutex_files.txt

          xargs gofmt -w < /tmp/mutex_files.txt

          echo "Changed Go files (after patch):"
          git diff --name-only -- '*.go' || true

      - name: Test (deadlock-instrumented)
        id: run-tests
        continue-on-error: true
        run: |
          # Disable gzip compression for load tests to reduce CPU overhead
          # Compression adds overhead without benefit for 0kb payloads
          HATCHET_CLIENT_DISABLE_GZIP_COMPRESSION=true go test -tags load ./... -p 5 -v -race -failfast -timeout 20m
        env:
          # This job adds go-deadlock + -race overhead; relax perf threshold to avoid flakes.
          HATCHET_LOADTEST_AVERAGE_DURATION_THRESHOLD: 1s
          # Give the engine a bit more time to come up under instrumentation.
          HATCHET_LOADTEST_STARTUP_SLEEP: 120s
          TESTING_MATRIX_MIGRATE: ${{ matrix.migrate-strategy }}
          TESTING_MATRIX_RABBITMQ_ENABLED: ${{ matrix.rabbitmq-enabled }}
          TESTING_MATRIX_PG_VERSION: ${{ matrix.pg-version }}
          TESTING_MATRIX_OPTIMISTIC_SCHEDULING: ${{ matrix.optimistic-scheduling }}
